// !$*UTF8*$!
{
	archiveVersion = 1;
	classes = {
	};
	objectVersion = 60;
	objects = {

/* Begin PBXBuildFile section */
		D32F6DBC2A4F044300704870 /* StarCli.swift in Sources */ = {isa = PBXBuildFile; fileRef = D32F6DBB2A4F044300704870 /* StarCli.swift */; };
		D33185B229F1E2C4004DBB62 /* libStarDecisionTrees.dylib in Frameworks */ = {isa = PBXBuildFile; fileRef = D33185B129F1E2C4004DBB62 /* libStarDecisionTrees.dylib */; };
		D33185B429F1E67A004DBB62 /* libswift_Concurrency.tbd in Frameworks */ = {isa = PBXBuildFile; fileRef = D33185B329F1E67A004DBB62 /* libswift_Concurrency.tbd */; };
		D37A962C2C0C1B01002A87C6 /* ArgumentParser in Frameworks */ = {isa = PBXBuildFile; productRef = D37A962B2C0C1B01002A87C6 /* ArgumentParser */; };
		D37A962E2C0C1B07002A87C6 /* StarCore in Frameworks */ = {isa = PBXBuildFile; productRef = D37A962D2C0C1B07002A87C6 /* StarCore */; };
/* End PBXBuildFile section */

/* Begin PBXCopyFilesBuildPhase section */
		D331859429F1D685004DBB62 /* CopyFiles */ = {
			isa = PBXCopyFilesBuildPhase;
			buildActionMask = 2147483647;
			dstPath = /usr/share/man/man1/;
			dstSubfolderSpec = 0;
			files = (
			);
			runOnlyForDeploymentPostprocessing = 1;
		};
/* End PBXCopyFilesBuildPhase section */

/* Begin PBXFileReference section */
		D32F6DBB2A4F044300704870 /* StarCli.swift */ = {isa = PBXFileReference; fileEncoding = 4; lastKnownFileType = sourcecode.swift; name = StarCli.swift; path = Sources/star/StarCli.swift; sourceTree = SOURCE_ROOT; };
		D331859629F1D685004DBB62 /* star */ = {isa = PBXFileReference; explicitFileType = "compiled.mach-o.executable"; includeInIndex = 0; path = star; sourceTree = BUILT_PRODUCTS_DIR; };
		D33185B129F1E2C4004DBB62 /* libStarDecisionTrees.dylib */ = {isa = PBXFileReference; lastKnownFileType = archive.ar; name = libStarDecisionTrees.dylib; path = ../StarDecisionTrees/lib/release/libStarDecisionTrees.dylib; sourceTree = "<group>"; };
		D33185B329F1E67A004DBB62 /* libswift_Concurrency.tbd */ = {isa = PBXFileReference; lastKnownFileType = "sourcecode.text-based-dylib-definition"; name = libswift_Concurrency.tbd; path = usr/lib/swift/libswift_Concurrency.tbd; sourceTree = SDKROOT; };
/* End PBXFileReference section */

/* Begin PBXFrameworksBuildPhase section */
		D331859329F1D685004DBB62 /* Frameworks */ = {
			isa = PBXFrameworksBuildPhase;
			buildActionMask = 2147483647;
			files = (
				D37A962C2C0C1B01002A87C6 /* ArgumentParser in Frameworks */,
				D33185B429F1E67A004DBB62 /* libswift_Concurrency.tbd in Frameworks */,
				D33185B229F1E2C4004DBB62 /* libStarDecisionTrees.dylib in Frameworks */,
				D37A962E2C0C1B07002A87C6 /* StarCore in Frameworks */,
			);
			runOnlyForDeploymentPostprocessing = 0;
		};
/* End PBXFrameworksBuildPhase section */

/* Begin PBXGroup section */
		D331858D29F1D685004DBB62 = {
			isa = PBXGroup;
			children = (
				D331859829F1D685004DBB62 /* star */,
				D331859729F1D685004DBB62 /* Products */,
				D33185AC29F1E007004DBB62 /* Frameworks */,
			);
			sourceTree = "<group>";
		};
		D331859729F1D685004DBB62 /* Products */ = {
			isa = PBXGroup;
			children = (
				D331859629F1D685004DBB62 /* star */,
			);
			name = Products;
			sourceTree = "<group>";
		};
		D331859829F1D685004DBB62 /* star */ = {
			isa = PBXGroup;
			children = (
				D32F6DBB2A4F044300704870 /* StarCli.swift */,
			);
			path = star;
			sourceTree = "<group>";
		};
		D33185AC29F1E007004DBB62 /* Frameworks */ = {
			isa = PBXGroup;
			children = (
				D33185B329F1E67A004DBB62 /* libswift_Concurrency.tbd */,
				D33185B129F1E2C4004DBB62 /* libStarDecisionTrees.dylib */,
			);
			name = Frameworks;
			sourceTree = "<group>";
		};
/* End PBXGroup section */

/* Begin PBXNativeTarget section */
		D331859529F1D685004DBB62 /* star */ = {
			isa = PBXNativeTarget;
			buildConfigurationList = D331859D29F1D685004DBB62 /* Build configuration list for PBXNativeTarget "star" */;
			buildPhases = (
				D331859229F1D685004DBB62 /* Sources */,
				D331859329F1D685004DBB62 /* Frameworks */,
				D331859429F1D685004DBB62 /* CopyFiles */,
			);
			buildRules = (
			);
			dependencies = (
				D37A96302C0C1B97002A87C6 /* PBXTargetDependency */,
				D37A96322C0C1B97002A87C6 /* PBXTargetDependency */,
			);
			name = star;
			packageProductDependencies = (
				D37A962B2C0C1B01002A87C6 /* ArgumentParser */,
				D37A962D2C0C1B07002A87C6 /* StarCore */,
			);
			productName = star;
			productReference = D331859629F1D685004DBB62 /* star */;
			productType = "com.apple.product-type.tool";
		};
/* End PBXNativeTarget section */

/* Begin PBXProject section */
		D331858E29F1D685004DBB62 /* Project object */ = {
			isa = PBXProject;
			attributes = {
				BuildIndependentTargetsInParallel = 1;
				LastSwiftUpdateCheck = 1430;
				LastUpgradeCheck = 1430;
				TargetAttributes = {
					D331859529F1D685004DBB62 = {
						CreatedOnToolsVersion = 14.3;
						LastSwiftMigration = 1430;
					};
				};
			};
			buildConfigurationList = D331859129F1D685004DBB62 /* Build configuration list for PBXProject "star" */;
			compatibilityVersion = "Xcode 14.0";
			developmentRegion = en;
			hasScannedForEncodings = 0;
			knownRegions = (
				en,
				Base,
			);
			mainGroup = D331858D29F1D685004DBB62;
			packageReferences = (
				D33185A529F1DE10004DBB62 /* XCRemoteSwiftPackageReference "swift-argument-parser" */,
				D37308BE2C0C010E00BD62DB /* XCLocalSwiftPackageReference "../StarCore" */,
			);
			productRefGroup = D331859729F1D685004DBB62 /* Products */;
			projectDirPath = "";
			projectRoot = "";
			targets = (
				D331859529F1D685004DBB62 /* star */,
			);
		};
/* End PBXProject section */

/* Begin PBXSourcesBuildPhase section */
		D331859229F1D685004DBB62 /* Sources */ = {
			isa = PBXSourcesBuildPhase;
			buildActionMask = 2147483647;
			files = (
				D32F6DBC2A4F044300704870 /* StarCli.swift in Sources */,
			);
			runOnlyForDeploymentPostprocessing = 0;
		};
/* End PBXSourcesBuildPhase section */

/* Begin PBXTargetDependency section */
		D37A96302C0C1B97002A87C6 /* PBXTargetDependency */ = {
			isa = PBXTargetDependency;
			productRef = D37A962F2C0C1B97002A87C6 /* ArgumentParser */;
		};
		D37A96322C0C1B97002A87C6 /* PBXTargetDependency */ = {
			isa = PBXTargetDependency;
			productRef = D37A96312C0C1B97002A87C6 /* StarCore */;
		};
/* End PBXTargetDependency section */

/* Begin XCBuildConfiguration section */
		D331859B29F1D685004DBB62 /* Debug */ = {
			isa = XCBuildConfiguration;
			buildSettings = {
				ALWAYS_SEARCH_USER_PATHS = NO;
				CLANG_ANALYZER_NONNULL = YES;
				CLANG_ANALYZER_NUMBER_OBJECT_CONVERSION = YES_AGGRESSIVE;
				CLANG_CXX_LANGUAGE_STANDARD = "gnu++20";
				CLANG_ENABLE_MODULES = YES;
				CLANG_ENABLE_OBJC_ARC = YES;
				CLANG_ENABLE_OBJC_WEAK = YES;
				CLANG_WARN_BLOCK_CAPTURE_AUTORELEASING = YES;
				CLANG_WARN_BOOL_CONVERSION = YES;
				CLANG_WARN_COMMA = YES;
				CLANG_WARN_CONSTANT_CONVERSION = YES;
				CLANG_WARN_DEPRECATED_OBJC_IMPLEMENTATIONS = YES;
				CLANG_WARN_DIRECT_OBJC_ISA_USAGE = YES_ERROR;
				CLANG_WARN_DOCUMENTATION_COMMENTS = YES;
				CLANG_WARN_EMPTY_BODY = YES;
				CLANG_WARN_ENUM_CONVERSION = YES;
				CLANG_WARN_INFINITE_RECURSION = YES;
				CLANG_WARN_INT_CONVERSION = YES;
				CLANG_WARN_NON_LITERAL_NULL_CONVERSION = YES;
				CLANG_WARN_OBJC_IMPLICIT_RETAIN_SELF = YES;
				CLANG_WARN_OBJC_LITERAL_CONVERSION = YES;
				CLANG_WARN_OBJC_ROOT_CLASS = YES_ERROR;
				CLANG_WARN_QUOTED_INCLUDE_IN_FRAMEWORK_HEADER = YES;
				CLANG_WARN_RANGE_LOOP_ANALYSIS = YES;
				CLANG_WARN_STRICT_PROTOTYPES = YES;
				CLANG_WARN_SUSPICIOUS_MOVE = YES;
				CLANG_WARN_UNGUARDED_AVAILABILITY = YES_AGGRESSIVE;
				CLANG_WARN_UNREACHABLE_CODE = YES;
				CLANG_WARN__DUPLICATE_METHOD_MATCH = YES;
				COPY_PHASE_STRIP = NO;
				DEBUG_INFORMATION_FORMAT = dwarf;
				ENABLE_STRICT_OBJC_MSGSEND = YES;
				ENABLE_TESTABILITY = YES;
				GCC_C_LANGUAGE_STANDARD = gnu11;
				GCC_DYNAMIC_NO_PIC = NO;
				GCC_NO_COMMON_BLOCKS = YES;
				GCC_OPTIMIZATION_LEVEL = 0;
				GCC_PREPROCESSOR_DEFINITIONS = (
					"DEBUG=1",
					"$(inherited)",
				);
				GCC_WARN_64_TO_32_BIT_CONVERSION = YES;
				GCC_WARN_ABOUT_RETURN_TYPE = YES_ERROR;
				GCC_WARN_UNDECLARED_SELECTOR = YES;
				GCC_WARN_UNINITIALIZED_AUTOS = YES_AGGRESSIVE;
				GCC_WARN_UNUSED_FUNCTION = YES;
				GCC_WARN_UNUSED_VARIABLE = YES;
				MACOSX_DEPLOYMENT_TARGET = 13.0;
				MTL_ENABLE_DEBUG_INFO = INCLUDE_SOURCE;
				MTL_FAST_MATH = YES;
				ONLY_ACTIVE_ARCH = NO;
				OTHER_LDFLAGS = (
					"$(inherited)",
					"-Xlinker",
					"-L../StarDecisionTrees/lib/debug",
					"-Xlinker",
					../StarDecisionTrees/lib/debug/libStarDecisionTrees.dylib,
					"-Xlinker",
					"-ld_classic",
				);
				"OTHER_SWIFT_FLAGS[arch=*]" = "-l StarDecisionTrees -I ../StarDecisionTrees/include/debug";
				SDKROOT = macosx;
				SWIFT_ACTIVE_COMPILATION_CONDITIONS = DEBUG;
				SWIFT_OPTIMIZATION_LEVEL = "-Onone";
			};
			name = Debug;
		};
		D331859C29F1D685004DBB62 /* Release */ = {
			isa = XCBuildConfiguration;
			buildSettings = {
				ALWAYS_SEARCH_USER_PATHS = NO;
				CLANG_ANALYZER_NONNULL = YES;
				CLANG_ANALYZER_NUMBER_OBJECT_CONVERSION = YES_AGGRESSIVE;
				CLANG_CXX_LANGUAGE_STANDARD = "gnu++20";
				CLANG_ENABLE_MODULES = YES;
				CLANG_ENABLE_OBJC_ARC = YES;
				CLANG_ENABLE_OBJC_WEAK = YES;
				CLANG_WARN_BLOCK_CAPTURE_AUTORELEASING = YES;
				CLANG_WARN_BOOL_CONVERSION = YES;
				CLANG_WARN_COMMA = YES;
				CLANG_WARN_CONSTANT_CONVERSION = YES;
				CLANG_WARN_DEPRECATED_OBJC_IMPLEMENTATIONS = YES;
				CLANG_WARN_DIRECT_OBJC_ISA_USAGE = YES_ERROR;
				CLANG_WARN_DOCUMENTATION_COMMENTS = YES;
				CLANG_WARN_EMPTY_BODY = YES;
				CLANG_WARN_ENUM_CONVERSION = YES;
				CLANG_WARN_INFINITE_RECURSION = YES;
				CLANG_WARN_INT_CONVERSION = YES;
				CLANG_WARN_NON_LITERAL_NULL_CONVERSION = YES;
				CLANG_WARN_OBJC_IMPLICIT_RETAIN_SELF = YES;
				CLANG_WARN_OBJC_LITERAL_CONVERSION = YES;
				CLANG_WARN_OBJC_ROOT_CLASS = YES_ERROR;
				CLANG_WARN_QUOTED_INCLUDE_IN_FRAMEWORK_HEADER = YES;
				CLANG_WARN_RANGE_LOOP_ANALYSIS = YES;
				CLANG_WARN_STRICT_PROTOTYPES = YES;
				CLANG_WARN_SUSPICIOUS_MOVE = YES;
				CLANG_WARN_UNGUARDED_AVAILABILITY = YES_AGGRESSIVE;
				CLANG_WARN_UNREACHABLE_CODE = YES;
				CLANG_WARN__DUPLICATE_METHOD_MATCH = YES;
				COPY_PHASE_STRIP = NO;
				DEBUG_INFORMATION_FORMAT = "dwarf-with-dsym";
				ENABLE_NS_ASSERTIONS = NO;
				ENABLE_STRICT_OBJC_MSGSEND = YES;
				GCC_C_LANGUAGE_STANDARD = gnu11;
				GCC_NO_COMMON_BLOCKS = YES;
				GCC_WARN_64_TO_32_BIT_CONVERSION = YES;
				GCC_WARN_ABOUT_RETURN_TYPE = YES_ERROR;
				GCC_WARN_UNDECLARED_SELECTOR = YES;
				GCC_WARN_UNINITIALIZED_AUTOS = YES_AGGRESSIVE;
				GCC_WARN_UNUSED_FUNCTION = YES;
				GCC_WARN_UNUSED_VARIABLE = YES;
				MACOSX_DEPLOYMENT_TARGET = 13.0;
				MTL_ENABLE_DEBUG_INFO = NO;
				MTL_FAST_MATH = YES;
				OTHER_LDFLAGS = (
					"$(inherited)",
					"-Xlinker",
					"-L../StarDecisionTrees/lib/release",
					"-Xlinker",
					../StarDecisionTrees/lib/release/libStarDecisionTrees.dylib,
					"-Xlinker",
					"-ld_classic",
				);
				"OTHER_SWIFT_FLAGS[arch=*]" = "-l StarDecisionTrees -I ../StarDecisionTrees/include/release";
				SDKROOT = macosx;
				SWIFT_COMPILATION_MODE = wholemodule;
				SWIFT_OPTIMIZATION_LEVEL = "-O";
			};
			name = Release;
		};
		D331859E29F1D685004DBB62 /* Debug */ = {
			isa = XCBuildConfiguration;
			buildSettings = {
				CLANG_ENABLE_MODULES = YES;
				"CODE_SIGN_IDENTITY[sdk=macosx*]" = "Developer ID Application";
				CODE_SIGN_STYLE = Manual;
				DEVELOPMENT_TEAM = "";
				"DEVELOPMENT_TEAM[sdk=macosx*]" = G3L75S65V9;
				ENABLE_HARDENED_RUNTIME = YES;
				LIBRARY_SEARCH_PATHS = (
					"$(inherited)",
					"$(SDKROOT)/usr/lib/swift",
				);
				MACOSX_DEPLOYMENT_TARGET = 13.0;
				ONLY_ACTIVE_ARCH = NO;
				OTHER_LDFLAGS = (
					"$(inherited)",
					"-Xlinker",
					"-L../StarDecisionTrees/lib/debug",
					"-Xlinker",
					../StarDecisionTrees/lib/debug/libStarDecisionTrees.dylib,
					"-Xlinker",
					"-ld_classic",
				);
				"OTHER_SWIFT_FLAGS[arch=*]" = "-l StarDecisionTrees -I ../StarDecisionTrees/include/debug";
				PRODUCT_NAME = "$(TARGET_NAME)";
				PROVISIONING_PROFILE_SPECIFIER = "";
				SWIFT_OPTIMIZATION_LEVEL = "-Onone";
				SWIFT_VERSION = 5.0;
			};
			name = Debug;
		};
		D331859F29F1D685004DBB62 /* Release */ = {
			isa = XCBuildConfiguration;
			buildSettings = {
				CLANG_ENABLE_MODULES = YES;
				"CODE_SIGN_IDENTITY[sdk=macosx*]" = "Developer ID Application";
				CODE_SIGN_STYLE = Manual;
				DEVELOPMENT_TEAM = "";
				"DEVELOPMENT_TEAM[sdk=macosx*]" = G3L75S65V9;
				ENABLE_HARDENED_RUNTIME = YES;
				LIBRARY_SEARCH_PATHS = (
					"$(inherited)",
					"$(SDKROOT)/usr/lib/swift",
				);
				MACOSX_DEPLOYMENT_TARGET = 13.0;
				ONLY_ACTIVE_ARCH = NO;
				OTHER_LDFLAGS = (
					"$(inherited)",
					"-Xlinker",
					"-L../StarDecisionTrees/lib/release",
					"-Xlinker",
					../StarDecisionTrees/lib/release/libStarDecisionTrees.dylib,
					"-Xlinker",
					"-ld_classic",
				);
				"OTHER_SWIFT_FLAGS[arch=*]" = "-l StarDecisionTrees -I ../StarDecisionTrees/include/release";
				PRODUCT_NAME = "$(TARGET_NAME)";
				PROVISIONING_PROFILE_SPECIFIER = "";
				SWIFT_VERSION = 5.0;
			};
			name = Release;
		};
/* End XCBuildConfiguration section */

/* Begin XCConfigurationList section */
		D331859129F1D685004DBB62 /* Build configuration list for PBXProject "star" */ = {
			isa = XCConfigurationList;
			buildConfigurations = (
				D331859B29F1D685004DBB62 /* Debug */,
				D331859C29F1D685004DBB62 /* Release */,
			);
			defaultConfigurationIsVisible = 0;
			defaultConfigurationName = Release;
		};
		D331859D29F1D685004DBB62 /* Build configuration list for PBXNativeTarget "star" */ = {
			isa = XCConfigurationList;
			buildConfigurations = (
				D331859E29F1D685004DBB62 /* Debug */,
				D331859F29F1D685004DBB62 /* Release */,
			);
			defaultConfigurationIsVisible = 0;
			defaultConfigurationName = Release;
		};
/* End XCConfigurationList section */

/* Begin XCLocalSwiftPackageReference section */
		D37308BE2C0C010E00BD62DB /* XCLocalSwiftPackageReference "../StarCore" */ = {
			isa = XCLocalSwiftPackageReference;
			relativePath = ../StarCore;
		};
/* End XCLocalSwiftPackageReference section */

/* Begin XCRemoteSwiftPackageReference section */
		D33185A529F1DE10004DBB62 /* XCRemoteSwiftPackageReference "swift-argument-parser" */ = {
			isa = XCRemoteSwiftPackageReference;
			repositoryURL = "https://github.com/apple/swift-argument-parser.git";
			requirement = {
				kind = upToNextMajorVersion;
				minimumVersion = 1.3.0;
			};
		};
/* End XCRemoteSwiftPackageReference section */

/* Begin XCSwiftPackageProductDependency section */
		D37A962B2C0C1B01002A87C6 /* ArgumentParser */ = {
			isa = XCSwiftPackageProductDependency;
			package = D33185A529F1DE10004DBB62 /* XCRemoteSwiftPackageReference "swift-argument-parser" */;
			productName = ArgumentParser;
		};
		D37A962D2C0C1B07002A87C6 /* StarCore */ = {
			isa = XCSwiftPackageProductDependency;
			package = D37308BE2C0C010E00BD62DB /* XCLocalSwiftPackageReference "../StarCore" */;
			productName = StarCore;
		};
		D37A962F2C0C1B97002A87C6 /* ArgumentParser */ = {
			isa = XCSwiftPackageProductDependency;
			package = D33185A529F1DE10004DBB62 /* XCRemoteSwiftPackageReference "swift-argument-parser" */;
			productName = ArgumentParser;
		};
		D37A96312C0C1B97002A87C6 /* StarCore */ = {
			isa = XCSwiftPackageProductDependency;
			package = D37308BE2C0C010E00BD62DB /* XCLocalSwiftPackageReference "../StarCore" */;
			productName = StarCore;
		};
/* End XCSwiftPackageProductDependency section */
	};
	rootObject = D331858E29F1D685004DBB62 /* Project object */;
}
