PODS:
  - BinaryCodable (0.0.1)
  - NtarCore (0.1.2)
  - SDWebImage (5.15.5):
    - SDWebImage/Core (= 5.15.5)
  - SDWebImage/Core (5.15.5)
  - SDWebImageSwiftUI (2.2.2):
    - SDWebImage (~> 5.10)
  - Zoomable (0.0.1):
    - SDWebImage
    - SDWebImageSwiftUI

DEPENDENCIES:
  - BinaryCodable (from `../../BinaryCodable`)
  - NtarCore (from `../NtarCore`)
  - Zoomable (from `../../Zoomable`)

SPEC REPOS:
  trunk:
    - SDWebImage
    - SDWebImageSwiftUI

EXTERNAL SOURCES:
  BinaryCodable:
    :path: "../../BinaryCodable"
  NtarCore:
    :path: "../NtarCore"
  Zoomable:
    :path: "../../Zoomable"

SPEC CHECKSUMS:
  BinaryCodable: 7693e29edaab2a1ae165acf76f9803f7497d1ef7
  NtarCore: 905dffcb5ef4d2c207dda9e27e682b2024da14b7
  SDWebImage: fd7e1a22f00303e058058278639bf6196ee431fe
  SDWebImageSwiftUI: 54ded4115b4ac6cd60b78f61415f86d070892d98
  Zoomable: 59bba07c49251a6171fa5ee9674750fb75cc75a3

PODFILE CHECKSUM: faeaf902fbae8f4f1a623154ee1e9bcf2ff750e5

COCOAPODS: 1.12.0
