PODS:
  - BinaryCodable (0.0.1)
  - NtarCore (0.1.2):
    - BinaryCodable

DEPENDENCIES:
  - BinaryCodable (from `../../BinaryCodable`)
  - NtarCore (from `../NtarCore`)

EXTERNAL SOURCES:
  BinaryCodable:
    :path: "../../BinaryCodable"
  NtarCore:
    :path: "../NtarCore"

SPEC CHECKSUMS:
  BinaryCodable: 7693e29edaab2a1ae165acf76f9803f7497d1ef7
  NtarCore: 9efcaeeff25f4fdf610929443dd6db8a23874ebd

PODFILE CHECKSUM: 2914eaea78d3ea36e1a1db67151176b7305b4e45

COCOAPODS: 1.12.0
