// !$*UTF8*$!
{
	archiveVersion = 1;
	classes = {
	};
	objectVersion = 60;
	objects = {

/* Begin PBXBuildFile section */
		D3058E1B2AC0745C00C58F1D /* MultiSelectSheetView.swift in Sources */ = {isa = PBXBuildFile; fileRef = D3058E1A2AC0745C00C58F1D /* MultiSelectSheetView.swift */; };
		D310C6F429C8D8F40014FBA9 /* libStarDecisionTrees.a in Frameworks */ = {isa = PBXBuildFile; fileRef = D310C6F329C8D8F40014FBA9 /* libStarDecisionTrees.a */; };
		D31F9FBF299736740001CD0C /* ViewModel.swift in Sources */ = {isa = PBXBuildFile; fileRef = D31F9FBC299736730001CD0C /* ViewModel.swift */; };
		D31F9FC0299736740001CD0C /* FrameSaveQueue.swift in Sources */ = {isa = PBXBuildFile; fileRef = D31F9FBD299736730001CD0C /* FrameSaveQueue.swift */; };
		D31F9FC1299736740001CD0C /* OutlierGroupView.swift in Sources */ = {isa = PBXBuildFile; fileRef = D31F9FBE299736730001CD0C /* OutlierGroupView.swift */; };
		D32F6DAA2A4D17CF00704870 /* ScrubSliderView.swift in Sources */ = {isa = PBXBuildFile; fileRef = D32F6DA92A4D17CF00704870 /* ScrubSliderView.swift */; };
		D32F6DAC2A4D1A6E00704870 /* BottomControls.swift in Sources */ = {isa = PBXBuildFile; fileRef = D32F6DAB2A4D1A6E00704870 /* BottomControls.swift */; };
		D32F6DAE2A4D1C0100704870 /* RenderAllFramesButton.swift in Sources */ = {isa = PBXBuildFile; fileRef = D32F6DAD2A4D1C0100704870 /* RenderAllFramesButton.swift */; };
		D32F6DB02A4D2ADA00704870 /* RenderCurrentFrameButton.swift in Sources */ = {isa = PBXBuildFile; fileRef = D32F6DAF2A4D2ADA00704870 /* RenderCurrentFrameButton.swift */; };
		D32F6DB32A4D2BF800704870 /* ApplyAllDecisionTreeButton.swift in Sources */ = {isa = PBXBuildFile; fileRef = D32F6DB12A4D2BF700704870 /* ApplyAllDecisionTreeButton.swift */; };
		D32F6DB42A4D2BF800704870 /* ApplyDecisionTreeButton.swift in Sources */ = {isa = PBXBuildFile; fileRef = D32F6DB22A4D2BF700704870 /* ApplyDecisionTreeButton.swift */; };
		D32F6DB62A4D330C00704870 /* StarApp.swift in Sources */ = {isa = PBXBuildFile; fileRef = D32F6DB52A4D330C00704870 /* StarApp.swift */; };
		D32F6DB92A4E6FCE00704870 /* BottomLeftView.swift in Sources */ = {isa = PBXBuildFile; fileRef = D32F6DB72A4E6FCE00704870 /* BottomLeftView.swift */; };
		D32F6DBA2A4E6FCE00704870 /* BottomRightView.swift in Sources */ = {isa = PBXBuildFile; fileRef = D32F6DB82A4E6FCE00704870 /* BottomRightView.swift */; };
		D332F6FF29B63DA2009E2796 /* InitialView.swift in Sources */ = {isa = PBXBuildFile; fileRef = D332F6FE29B63DA2009E2796 /* InitialView.swift */; };
		D332F70129B63F9D009E2796 /* SettingsSheetView.swift in Sources */ = {isa = PBXBuildFile; fileRef = D332F70029B63F9D009E2796 /* SettingsSheetView.swift */; };
		D332F70329B63FD0009E2796 /* MassivePaintSheetView.swift in Sources */ = {isa = PBXBuildFile; fileRef = D332F70229B63FD0009E2796 /* MassivePaintSheetView.swift */; };
		D332F70529B64004009E2796 /* ShrinkingButton.swift in Sources */ = {isa = PBXBuildFile; fileRef = D332F70429B64004009E2796 /* ShrinkingButton.swift */; };
		D33FFC112A2CF92900F38194 /* SystemButton.swift in Sources */ = {isa = PBXBuildFile; fileRef = D33FFC0F2A2CF92900F38194 /* SystemButton.swift */; };
		D33FFC122A2CF92900F38194 /* VideoPlaybackButtons.swift in Sources */ = {isa = PBXBuildFile; fileRef = D33FFC102A2CF92900F38194 /* VideoPlaybackButtons.swift */; };
		D33FFC142A2CFAED00F38194 /* ImageSequenceView.swift in Sources */ = {isa = PBXBuildFile; fileRef = D33FFC132A2CFAED00F38194 /* ImageSequenceView.swift */; };
		D33FFC162A2CFF4700F38194 /* LoadAllOutliersButton.swift in Sources */ = {isa = PBXBuildFile; fileRef = D33FFC152A2CFF4700F38194 /* LoadAllOutliersButton.swift */; };
		D33FFC182A2D007800F38194 /* PaintAllButton.swift in Sources */ = {isa = PBXBuildFile; fileRef = D33FFC172A2D007800F38194 /* PaintAllButton.swift */; };
		D33FFC1A2A2D02A300F38194 /* ClearAllButton.swift in Sources */ = {isa = PBXBuildFile; fileRef = D33FFC192A2D02A300F38194 /* ClearAllButton.swift */; };
		D33FFC1E2A2D39BA00F38194 /* ProgressBars.swift in Sources */ = {isa = PBXBuildFile; fileRef = D33FFC1D2A2D39BA00F38194 /* ProgressBars.swift */; };
		D33FFC202A2D3BCD00F38194 /* FrameViewModel.swift in Sources */ = {isa = PBXBuildFile; fileRef = D33FFC1F2A2D3BCD00F38194 /* FrameViewModel.swift */; };
		D33FFC232A2D48F300F38194 /* FrameView.swift in Sources */ = {isa = PBXBuildFile; fileRef = D33FFC212A2D48F300F38194 /* FrameView.swift */; };
		D33FFC242A2D48F300F38194 /* FrameEditView.swift in Sources */ = {isa = PBXBuildFile; fileRef = D33FFC222A2D48F300F38194 /* FrameEditView.swift */; };
		D33FFC262A2D4E8600F38194 /* FilmstripImageView.swift in Sources */ = {isa = PBXBuildFile; fileRef = D33FFC252A2D4E8600F38194 /* FilmstripImageView.swift */; };
		D33FFC282A2D4F7E00F38194 /* FilmstripView.swift in Sources */ = {isa = PBXBuildFile; fileRef = D33FFC272A2D4F7E00F38194 /* FilmstripView.swift */; };
		D33FFC2A2A2E1A8900F38194 /* OutlierGroupViewModel.swift in Sources */ = {isa = PBXBuildFile; fileRef = D33FFC292A2E1A8900F38194 /* OutlierGroupViewModel.swift */; };
		D366BB3A2AF84766004C9125 /* Info.plist in Resources */ = {isa = PBXBuildFile; fileRef = D366BB392AF84766004C9125 /* Info.plist */; };
		D386FA13298B617300878B56 /* ContentView.swift in Sources */ = {isa = PBXBuildFile; fileRef = D386FA12298B617300878B56 /* ContentView.swift */; };
		D386FA15298B617400878B56 /* Assets.xcassets in Resources */ = {isa = PBXBuildFile; fileRef = D386FA14298B617400878B56 /* Assets.xcassets */; };
		D386FA18298B617400878B56 /* Preview Assets.xcassets in Resources */ = {isa = PBXBuildFile; fileRef = D386FA17298B617400878B56 /* Preview Assets.xcassets */; };
		D386FA23298B617400878B56 /* starTests.swift in Sources */ = {isa = PBXBuildFile; fileRef = D386FA22298B617400878B56 /* starTests.swift */; };
		D386FA2D298B617400878B56 /* starUITests.swift in Sources */ = {isa = PBXBuildFile; fileRef = D386FA2C298B617400878B56 /* starUITests.swift */; };
		D386FA2F298B617400878B56 /* starUITestsLaunchTests.swift in Sources */ = {isa = PBXBuildFile; fileRef = D386FA2E298B617400878B56 /* starUITestsLaunchTests.swift */; };
		D3A54A6F29AFAD2C00C50709 /* UserPreferences.swift in Sources */ = {isa = PBXBuildFile; fileRef = D3A54A6E29AFAD2C00C50709 /* UserPreferences.swift */; };
		D3B29C9E2B2FE23F00754C10 /* StarCore in Frameworks */ = {isa = PBXBuildFile; productRef = D3B29C9D2B2FE23F00754C10 /* StarCore */; };
		D3B29CA42B2FE31800754C10 /* KHTSwift in Frameworks */ = {isa = PBXBuildFile; productRef = D3B29CA32B2FE31800754C10 /* KHTSwift */; };
		D3B29CB12B2FE5BE00754C10 /* StarCore in Frameworks */ = {isa = PBXBuildFile; productRef = D3B29CB02B2FE5BE00754C10 /* StarCore */; };
		D3B29CB42B2FE5D900754C10 /* Zoomable in Frameworks */ = {isa = PBXBuildFile; productRef = D3B29CB32B2FE5D900754C10 /* Zoomable */; };
		D3B886AD29B830BE003590A1 /* OutlierGroupTable.swift in Sources */ = {isa = PBXBuildFile; fileRef = D3B886AC29B830BE003590A1 /* OutlierGroupTable.swift */; };
		D3D7F0FC2A2BE10D00658862 /* StarCommands.swift in Sources */ = {isa = PBXBuildFile; fileRef = D3D7F0FB2A2BE10D00658862 /* StarCommands.swift */; };
/* End PBXBuildFile section */

/* Begin PBXContainerItemProxy section */
		D386FA1F298B617400878B56 /* PBXContainerItemProxy */ = {
			isa = PBXContainerItemProxy;
			containerPortal = D386FA05298B617300878B56 /* Project object */;
			proxyType = 1;
			remoteGlobalIDString = D386FA0C298B617300878B56;
			remoteInfo = Star;
		};
		D386FA29298B617400878B56 /* PBXContainerItemProxy */ = {
			isa = PBXContainerItemProxy;
			containerPortal = D386FA05298B617300878B56 /* Project object */;
			proxyType = 1;
			remoteGlobalIDString = D386FA0C298B617300878B56;
			remoteInfo = Star;
		};
/* End PBXContainerItemProxy section */

/* Begin PBXFileReference section */
		D3058E1A2AC0745C00C58F1D /* MultiSelectSheetView.swift */ = {isa = PBXFileReference; fileEncoding = 4; lastKnownFileType = sourcecode.swift; path = MultiSelectSheetView.swift; sourceTree = "<group>"; };
		D310C6F329C8D8F40014FBA9 /* libStarDecisionTrees.a */ = {isa = PBXFileReference; lastKnownFileType = archive.ar; name = libStarDecisionTrees.a; path = ../../StarDecisionTrees/libStarDecisionTrees.a; sourceTree = "<group>"; };
		D31F9FBC299736730001CD0C /* ViewModel.swift */ = {isa = PBXFileReference; fileEncoding = 4; lastKnownFileType = sourcecode.swift; path = ViewModel.swift; sourceTree = "<group>"; };
		D31F9FBD299736730001CD0C /* FrameSaveQueue.swift */ = {isa = PBXFileReference; fileEncoding = 4; lastKnownFileType = sourcecode.swift; path = FrameSaveQueue.swift; sourceTree = "<group>"; };
		D31F9FBE299736730001CD0C /* OutlierGroupView.swift */ = {isa = PBXFileReference; fileEncoding = 4; lastKnownFileType = sourcecode.swift; path = OutlierGroupView.swift; sourceTree = "<group>"; };
		D32F6DA92A4D17CF00704870 /* ScrubSliderView.swift */ = {isa = PBXFileReference; fileEncoding = 4; lastKnownFileType = sourcecode.swift; path = ScrubSliderView.swift; sourceTree = "<group>"; };
		D32F6DAB2A4D1A6E00704870 /* BottomControls.swift */ = {isa = PBXFileReference; fileEncoding = 4; lastKnownFileType = sourcecode.swift; path = BottomControls.swift; sourceTree = "<group>"; };
		D32F6DAD2A4D1C0100704870 /* RenderAllFramesButton.swift */ = {isa = PBXFileReference; fileEncoding = 4; lastKnownFileType = sourcecode.swift; path = RenderAllFramesButton.swift; sourceTree = "<group>"; };
		D32F6DAF2A4D2ADA00704870 /* RenderCurrentFrameButton.swift */ = {isa = PBXFileReference; fileEncoding = 4; lastKnownFileType = sourcecode.swift; path = RenderCurrentFrameButton.swift; sourceTree = "<group>"; };
		D32F6DB12A4D2BF700704870 /* ApplyAllDecisionTreeButton.swift */ = {isa = PBXFileReference; fileEncoding = 4; lastKnownFileType = sourcecode.swift; path = ApplyAllDecisionTreeButton.swift; sourceTree = "<group>"; };
		D32F6DB22A4D2BF700704870 /* ApplyDecisionTreeButton.swift */ = {isa = PBXFileReference; fileEncoding = 4; lastKnownFileType = sourcecode.swift; path = ApplyDecisionTreeButton.swift; sourceTree = "<group>"; };
		D32F6DB52A4D330C00704870 /* StarApp.swift */ = {isa = PBXFileReference; fileEncoding = 4; lastKnownFileType = sourcecode.swift; path = StarApp.swift; sourceTree = "<group>"; };
		D32F6DB72A4E6FCE00704870 /* BottomLeftView.swift */ = {isa = PBXFileReference; fileEncoding = 4; lastKnownFileType = sourcecode.swift; path = BottomLeftView.swift; sourceTree = "<group>"; };
		D32F6DB82A4E6FCE00704870 /* BottomRightView.swift */ = {isa = PBXFileReference; fileEncoding = 4; lastKnownFileType = sourcecode.swift; path = BottomRightView.swift; sourceTree = "<group>"; };
		D332F6FE29B63DA2009E2796 /* InitialView.swift */ = {isa = PBXFileReference; fileEncoding = 4; lastKnownFileType = sourcecode.swift; path = InitialView.swift; sourceTree = "<group>"; };
		D332F70029B63F9D009E2796 /* SettingsSheetView.swift */ = {isa = PBXFileReference; fileEncoding = 4; lastKnownFileType = sourcecode.swift; path = SettingsSheetView.swift; sourceTree = "<group>"; };
		D332F70229B63FD0009E2796 /* MassivePaintSheetView.swift */ = {isa = PBXFileReference; fileEncoding = 4; lastKnownFileType = sourcecode.swift; path = MassivePaintSheetView.swift; sourceTree = "<group>"; };
		D332F70429B64004009E2796 /* ShrinkingButton.swift */ = {isa = PBXFileReference; fileEncoding = 4; lastKnownFileType = sourcecode.swift; path = ShrinkingButton.swift; sourceTree = "<group>"; };
		D33FFC0F2A2CF92900F38194 /* SystemButton.swift */ = {isa = PBXFileReference; fileEncoding = 4; lastKnownFileType = sourcecode.swift; path = SystemButton.swift; sourceTree = "<group>"; };
		D33FFC102A2CF92900F38194 /* VideoPlaybackButtons.swift */ = {isa = PBXFileReference; fileEncoding = 4; lastKnownFileType = sourcecode.swift; path = VideoPlaybackButtons.swift; sourceTree = "<group>"; };
		D33FFC132A2CFAED00F38194 /* ImageSequenceView.swift */ = {isa = PBXFileReference; fileEncoding = 4; lastKnownFileType = sourcecode.swift; path = ImageSequenceView.swift; sourceTree = "<group>"; };
		D33FFC152A2CFF4700F38194 /* LoadAllOutliersButton.swift */ = {isa = PBXFileReference; fileEncoding = 4; lastKnownFileType = sourcecode.swift; path = LoadAllOutliersButton.swift; sourceTree = "<group>"; };
		D33FFC172A2D007800F38194 /* PaintAllButton.swift */ = {isa = PBXFileReference; fileEncoding = 4; lastKnownFileType = sourcecode.swift; path = PaintAllButton.swift; sourceTree = "<group>"; };
		D33FFC192A2D02A300F38194 /* ClearAllButton.swift */ = {isa = PBXFileReference; fileEncoding = 4; lastKnownFileType = sourcecode.swift; path = ClearAllButton.swift; sourceTree = "<group>"; };
		D33FFC1D2A2D39BA00F38194 /* ProgressBars.swift */ = {isa = PBXFileReference; fileEncoding = 4; lastKnownFileType = sourcecode.swift; path = ProgressBars.swift; sourceTree = "<group>"; };
		D33FFC1F2A2D3BCD00F38194 /* FrameViewModel.swift */ = {isa = PBXFileReference; fileEncoding = 4; lastKnownFileType = sourcecode.swift; path = FrameViewModel.swift; sourceTree = "<group>"; };
		D33FFC212A2D48F300F38194 /* FrameView.swift */ = {isa = PBXFileReference; fileEncoding = 4; lastKnownFileType = sourcecode.swift; path = FrameView.swift; sourceTree = "<group>"; };
		D33FFC222A2D48F300F38194 /* FrameEditView.swift */ = {isa = PBXFileReference; fileEncoding = 4; lastKnownFileType = sourcecode.swift; path = FrameEditView.swift; sourceTree = "<group>"; };
		D33FFC252A2D4E8600F38194 /* FilmstripImageView.swift */ = {isa = PBXFileReference; fileEncoding = 4; lastKnownFileType = sourcecode.swift; path = FilmstripImageView.swift; sourceTree = "<group>"; };
		D33FFC272A2D4F7E00F38194 /* FilmstripView.swift */ = {isa = PBXFileReference; fileEncoding = 4; lastKnownFileType = sourcecode.swift; path = FilmstripView.swift; sourceTree = "<group>"; };
		D33FFC292A2E1A8900F38194 /* OutlierGroupViewModel.swift */ = {isa = PBXFileReference; fileEncoding = 4; lastKnownFileType = sourcecode.swift; path = OutlierGroupViewModel.swift; sourceTree = "<group>"; };
		D366BB392AF84766004C9125 /* Info.plist */ = {isa = PBXFileReference; lastKnownFileType = text.plist; path = Info.plist; sourceTree = SOURCE_ROOT; };
		D386FA0D298B617300878B56 /* Star.app */ = {isa = PBXFileReference; explicitFileType = wrapper.application; includeInIndex = 0; path = Star.app; sourceTree = BUILT_PRODUCTS_DIR; };
		D386FA12298B617300878B56 /* ContentView.swift */ = {isa = PBXFileReference; lastKnownFileType = sourcecode.swift; path = ContentView.swift; sourceTree = "<group>"; };
		D386FA14298B617400878B56 /* Assets.xcassets */ = {isa = PBXFileReference; lastKnownFileType = folder.assetcatalog; path = Assets.xcassets; sourceTree = "<group>"; };
		D386FA17298B617400878B56 /* Preview Assets.xcassets */ = {isa = PBXFileReference; lastKnownFileType = folder.assetcatalog; path = "Preview Assets.xcassets"; sourceTree = "<group>"; };
		D386FA19298B617400878B56 /* star.entitlements */ = {isa = PBXFileReference; lastKnownFileType = text.plist.entitlements; path = star.entitlements; sourceTree = "<group>"; };
		D386FA1E298B617400878B56 /* starTests.xctest */ = {isa = PBXFileReference; explicitFileType = wrapper.cfbundle; includeInIndex = 0; path = starTests.xctest; sourceTree = BUILT_PRODUCTS_DIR; };
		D386FA22298B617400878B56 /* starTests.swift */ = {isa = PBXFileReference; lastKnownFileType = sourcecode.swift; path = starTests.swift; sourceTree = "<group>"; };
		D386FA28298B617400878B56 /* starUITests.xctest */ = {isa = PBXFileReference; explicitFileType = wrapper.cfbundle; includeInIndex = 0; path = starUITests.xctest; sourceTree = BUILT_PRODUCTS_DIR; };
		D386FA2C298B617400878B56 /* starUITests.swift */ = {isa = PBXFileReference; lastKnownFileType = sourcecode.swift; path = starUITests.swift; sourceTree = "<group>"; };
		D386FA2E298B617400878B56 /* starUITestsLaunchTests.swift */ = {isa = PBXFileReference; lastKnownFileType = sourcecode.swift; path = starUITestsLaunchTests.swift; sourceTree = "<group>"; };
		D3A54A6E29AFAD2C00C50709 /* UserPreferences.swift */ = {isa = PBXFileReference; fileEncoding = 4; lastKnownFileType = sourcecode.swift; path = UserPreferences.swift; sourceTree = "<group>"; };
		D3B886AC29B830BE003590A1 /* OutlierGroupTable.swift */ = {isa = PBXFileReference; fileEncoding = 4; lastKnownFileType = sourcecode.swift; path = OutlierGroupTable.swift; sourceTree = "<group>"; };
		D3D7F0FB2A2BE10D00658862 /* StarCommands.swift */ = {isa = PBXFileReference; fileEncoding = 4; lastKnownFileType = sourcecode.swift; path = StarCommands.swift; sourceTree = "<group>"; };
/* End PBXFileReference section */

/* Begin PBXFrameworksBuildPhase section */
		D386FA0A298B617300878B56 /* Frameworks */ = {
			isa = PBXFrameworksBuildPhase;
			buildActionMask = 2147483647;
			files = (
				D310C6F429C8D8F40014FBA9 /* libStarDecisionTrees.a in Frameworks */,
				D3B29C9E2B2FE23F00754C10 /* StarCore in Frameworks */,
				D3B29CB12B2FE5BE00754C10 /* StarCore in Frameworks */,
				D3B29CA42B2FE31800754C10 /* KHTSwift in Frameworks */,
				D3B29CB42B2FE5D900754C10 /* Zoomable in Frameworks */,
			);
			runOnlyForDeploymentPostprocessing = 0;
		};
		D386FA1B298B617400878B56 /* Frameworks */ = {
			isa = PBXFrameworksBuildPhase;
			buildActionMask = 2147483647;
			files = (
			);
			runOnlyForDeploymentPostprocessing = 0;
		};
		D386FA25298B617400878B56 /* Frameworks */ = {
			isa = PBXFrameworksBuildPhase;
			buildActionMask = 2147483647;
			files = (
			);
			runOnlyForDeploymentPostprocessing = 0;
		};
/* End PBXFrameworksBuildPhase section */

/* Begin PBXGroup section */
		26FD1C08E241439DFF9D9A38 /* Frameworks */ = {
			isa = PBXGroup;
			children = (
			);
			name = Frameworks;
			sourceTree = "<group>";
		};
		D386FA04298B617300878B56 = {
			isa = PBXGroup;
			children = (
				D386FA0F298B617300878B56 /* star */,
				D386FA21298B617400878B56 /* starTests */,
				D386FA2B298B617400878B56 /* starUITests */,
				D386FA0E298B617300878B56 /* Products */,
				26FD1C08E241439DFF9D9A38 /* Frameworks */,
			);
			sourceTree = "<group>";
		};
		D386FA0E298B617300878B56 /* Products */ = {
			isa = PBXGroup;
			children = (
				D386FA0D298B617300878B56 /* Star.app */,
				D386FA1E298B617400878B56 /* starTests.xctest */,
				D386FA28298B617400878B56 /* starUITests.xctest */,
			);
			name = Products;
			sourceTree = "<group>";
		};
		D386FA0F298B617300878B56 /* star */ = {
			isa = PBXGroup;
			children = (
				D366BB392AF84766004C9125 /* Info.plist */,
				D32F6DB72A4E6FCE00704870 /* BottomLeftView.swift */,
				D32F6DB82A4E6FCE00704870 /* BottomRightView.swift */,
				D32F6DB52A4D330C00704870 /* StarApp.swift */,
				D32F6DB12A4D2BF700704870 /* ApplyAllDecisionTreeButton.swift */,
				D32F6DB22A4D2BF700704870 /* ApplyDecisionTreeButton.swift */,
				D32F6DAF2A4D2ADA00704870 /* RenderCurrentFrameButton.swift */,
				D32F6DAD2A4D1C0100704870 /* RenderAllFramesButton.swift */,
				D32F6DAB2A4D1A6E00704870 /* BottomControls.swift */,
				D32F6DA92A4D17CF00704870 /* ScrubSliderView.swift */,
				D33FFC292A2E1A8900F38194 /* OutlierGroupViewModel.swift */,
				D33FFC272A2D4F7E00F38194 /* FilmstripView.swift */,
				D33FFC252A2D4E8600F38194 /* FilmstripImageView.swift */,
				D33FFC222A2D48F300F38194 /* FrameEditView.swift */,
				D3058E1A2AC0745C00C58F1D /* MultiSelectSheetView.swift */,
				D33FFC212A2D48F300F38194 /* FrameView.swift */,
				D33FFC1F2A2D3BCD00F38194 /* FrameViewModel.swift */,
				D33FFC1D2A2D39BA00F38194 /* ProgressBars.swift */,
				D33FFC192A2D02A300F38194 /* ClearAllButton.swift */,
				D33FFC172A2D007800F38194 /* PaintAllButton.swift */,
				D33FFC152A2CFF4700F38194 /* LoadAllOutliersButton.swift */,
				D33FFC132A2CFAED00F38194 /* ImageSequenceView.swift */,
				D33FFC0F2A2CF92900F38194 /* SystemButton.swift */,
				D33FFC102A2CF92900F38194 /* VideoPlaybackButtons.swift */,
				D3D7F0FB2A2BE10D00658862 /* StarCommands.swift */,
				D3B886AC29B830BE003590A1 /* OutlierGroupTable.swift */,
				D332F70429B64004009E2796 /* ShrinkingButton.swift */,
				D332F70229B63FD0009E2796 /* MassivePaintSheetView.swift */,
				D332F70029B63F9D009E2796 /* SettingsSheetView.swift */,
				D332F6FE29B63DA2009E2796 /* InitialView.swift */,
				D3A54A6E29AFAD2C00C50709 /* UserPreferences.swift */,
				D386FA12298B617300878B56 /* ContentView.swift */,
				D31F9FBD299736730001CD0C /* FrameSaveQueue.swift */,
				D31F9FBE299736730001CD0C /* OutlierGroupView.swift */,
				D31F9FBC299736730001CD0C /* ViewModel.swift */,
				D310C6F329C8D8F40014FBA9 /* libStarDecisionTrees.a */,
				D386FA14298B617400878B56 /* Assets.xcassets */,
				D386FA19298B617400878B56 /* star.entitlements */,
				D386FA16298B617400878B56 /* Preview Content */,
			);
			path = star;
			sourceTree = "<group>";
		};
		D386FA16298B617400878B56 /* Preview Content */ = {
			isa = PBXGroup;
			children = (
				D386FA17298B617400878B56 /* Preview Assets.xcassets */,
			);
			path = "Preview Content";
			sourceTree = "<group>";
		};
		D386FA21298B617400878B56 /* starTests */ = {
			isa = PBXGroup;
			children = (
				D386FA22298B617400878B56 /* starTests.swift */,
			);
			path = starTests;
			sourceTree = "<group>";
		};
		D386FA2B298B617400878B56 /* starUITests */ = {
			isa = PBXGroup;
			children = (
				D386FA2C298B617400878B56 /* starUITests.swift */,
				D386FA2E298B617400878B56 /* starUITestsLaunchTests.swift */,
			);
			path = starUITests;
			sourceTree = "<group>";
		};
/* End PBXGroup section */

/* Begin PBXNativeTarget section */
		D386FA0C298B617300878B56 /* Star */ = {
			isa = PBXNativeTarget;
			buildConfigurationList = D386FA32298B617400878B56 /* Build configuration list for PBXNativeTarget "Star" */;
			buildPhases = (
				D386FA09298B617300878B56 /* Sources */,
				D386FA0A298B617300878B56 /* Frameworks */,
				D386FA0B298B617300878B56 /* Resources */,
			);
			buildRules = (
			);
			dependencies = (
				D3B29CAC2B2FE47D00754C10 /* PBXTargetDependency */,
				D3B29CAE2B2FE47D00754C10 /* PBXTargetDependency */,
				D3B29CAA2B2FE44E00754C10 /* PBXTargetDependency */,
			);
			name = Star;
			packageProductDependencies = (
				D3B29C9D2B2FE23F00754C10 /* StarCore */,
				D3B29CA32B2FE31800754C10 /* KHTSwift */,
				D3B29CB02B2FE5BE00754C10 /* StarCore */,
				D3B29CB32B2FE5D900754C10 /* Zoomable */,
			);
			productName = Star;
			productReference = D386FA0D298B617300878B56 /* Star.app */;
			productType = "com.apple.product-type.application";
		};
		D386FA1D298B617400878B56 /* starTests */ = {
			isa = PBXNativeTarget;
			buildConfigurationList = D386FA35298B617400878B56 /* Build configuration list for PBXNativeTarget "starTests" */;
			buildPhases = (
				D386FA1A298B617400878B56 /* Sources */,
				D386FA1B298B617400878B56 /* Frameworks */,
				D386FA1C298B617400878B56 /* Resources */,
			);
			buildRules = (
			);
			dependencies = (
				D386FA20298B617400878B56 /* PBXTargetDependency */,
			);
			name = starTests;
			productName = starTests;
			productReference = D386FA1E298B617400878B56 /* starTests.xctest */;
			productType = "com.apple.product-type.bundle.unit-test";
		};
		D386FA27298B617400878B56 /* starUITests */ = {
			isa = PBXNativeTarget;
			buildConfigurationList = D386FA38298B617400878B56 /* Build configuration list for PBXNativeTarget "starUITests" */;
			buildPhases = (
				D386FA24298B617400878B56 /* Sources */,
				D386FA25298B617400878B56 /* Frameworks */,
				D386FA26298B617400878B56 /* Resources */,
			);
			buildRules = (
			);
			dependencies = (
				D386FA2A298B617400878B56 /* PBXTargetDependency */,
			);
			name = starUITests;
			productName = starUITests;
			productReference = D386FA28298B617400878B56 /* starUITests.xctest */;
			productType = "com.apple.product-type.bundle.ui-testing";
		};
/* End PBXNativeTarget section */

/* Begin PBXProject section */
		D386FA05298B617300878B56 /* Project object */ = {
			isa = PBXProject;
			attributes = {
				BuildIndependentTargetsInParallel = 1;
				LastSwiftUpdateCheck = 1410;
				LastUpgradeCheck = 1410;
				TargetAttributes = {
					D386FA0C298B617300878B56 = {
						CreatedOnToolsVersion = 14.1;
					};
					D386FA1D298B617400878B56 = {
						CreatedOnToolsVersion = 14.1;
						TestTargetID = D386FA0C298B617300878B56;
					};
					D386FA27298B617400878B56 = {
						CreatedOnToolsVersion = 14.1;
						TestTargetID = D386FA0C298B617300878B56;
					};
				};
			};
			buildConfigurationList = D386FA08298B617300878B56 /* Build configuration list for PBXProject "star" */;
			compatibilityVersion = "Xcode 14.0";
			developmentRegion = en;
			hasScannedForEncodings = 0;
			knownRegions = (
				en,
				Base,
			);
			mainGroup = D386FA04298B617300878B56;
			packageReferences = (
				D3B29CAF2B2FE5BE00754C10 /* XCLocalSwiftPackageReference "../StarCore" */,
				D3B29CB22B2FE5D900754C10 /* XCRemoteSwiftPackageReference "Zoomable" */,
			);
			productRefGroup = D386FA0E298B617300878B56 /* Products */;
			projectDirPath = "";
			projectRoot = "";
			targets = (
				D386FA0C298B617300878B56 /* Star */,
				D386FA1D298B617400878B56 /* starTests */,
				D386FA27298B617400878B56 /* starUITests */,
			);
		};
/* End PBXProject section */

/* Begin PBXResourcesBuildPhase section */
		D386FA0B298B617300878B56 /* Resources */ = {
			isa = PBXResourcesBuildPhase;
			buildActionMask = 2147483647;
			files = (
				D386FA18298B617400878B56 /* Preview Assets.xcassets in Resources */,
				D386FA15298B617400878B56 /* Assets.xcassets in Resources */,
				D366BB3A2AF84766004C9125 /* Info.plist in Resources */,
			);
			runOnlyForDeploymentPostprocessing = 0;
		};
		D386FA1C298B617400878B56 /* Resources */ = {
			isa = PBXResourcesBuildPhase;
			buildActionMask = 2147483647;
			files = (
			);
			runOnlyForDeploymentPostprocessing = 0;
		};
		D386FA26298B617400878B56 /* Resources */ = {
			isa = PBXResourcesBuildPhase;
			buildActionMask = 2147483647;
			files = (
			);
			runOnlyForDeploymentPostprocessing = 0;
		};
/* End PBXResourcesBuildPhase section */

/* Begin PBXSourcesBuildPhase section */
		D386FA09298B617300878B56 /* Sources */ = {
			isa = PBXSourcesBuildPhase;
			buildActionMask = 2147483647;
			files = (
				D33FFC112A2CF92900F38194 /* SystemButton.swift in Sources */,
				D32F6DB42A4D2BF800704870 /* ApplyDecisionTreeButton.swift in Sources */,
				D332F6FF29B63DA2009E2796 /* InitialView.swift in Sources */,
				D33FFC1A2A2D02A300F38194 /* ClearAllButton.swift in Sources */,
				D33FFC282A2D4F7E00F38194 /* FilmstripView.swift in Sources */,
				D33FFC262A2D4E8600F38194 /* FilmstripImageView.swift in Sources */,
				D3058E1B2AC0745C00C58F1D /* MultiSelectSheetView.swift in Sources */,
				D3A54A6F29AFAD2C00C50709 /* UserPreferences.swift in Sources */,
				D33FFC122A2CF92900F38194 /* VideoPlaybackButtons.swift in Sources */,
				D32F6DAA2A4D17CF00704870 /* ScrubSliderView.swift in Sources */,
				D386FA13298B617300878B56 /* ContentView.swift in Sources */,
				D32F6DB92A4E6FCE00704870 /* BottomLeftView.swift in Sources */,
				D32F6DB62A4D330C00704870 /* StarApp.swift in Sources */,
				D31F9FC1299736740001CD0C /* OutlierGroupView.swift in Sources */,
				D32F6DB32A4D2BF800704870 /* ApplyAllDecisionTreeButton.swift in Sources */,
				D332F70529B64004009E2796 /* ShrinkingButton.swift in Sources */,
				D332F70129B63F9D009E2796 /* SettingsSheetView.swift in Sources */,
				D33FFC142A2CFAED00F38194 /* ImageSequenceView.swift in Sources */,
				D33FFC2A2A2E1A8900F38194 /* OutlierGroupViewModel.swift in Sources */,
				D3D7F0FC2A2BE10D00658862 /* StarCommands.swift in Sources */,
				D332F70329B63FD0009E2796 /* MassivePaintSheetView.swift in Sources */,
				D33FFC232A2D48F300F38194 /* FrameView.swift in Sources */,
				D31F9FBF299736740001CD0C /* ViewModel.swift in Sources */,
				D33FFC1E2A2D39BA00F38194 /* ProgressBars.swift in Sources */,
				D33FFC202A2D3BCD00F38194 /* FrameViewModel.swift in Sources */,
				D33FFC242A2D48F300F38194 /* FrameEditView.swift in Sources */,
				D32F6DAE2A4D1C0100704870 /* RenderAllFramesButton.swift in Sources */,
				D32F6DAC2A4D1A6E00704870 /* BottomControls.swift in Sources */,
				D31F9FC0299736740001CD0C /* FrameSaveQueue.swift in Sources */,
				D33FFC182A2D007800F38194 /* PaintAllButton.swift in Sources */,
				D32F6DBA2A4E6FCE00704870 /* BottomRightView.swift in Sources */,
				D33FFC162A2CFF4700F38194 /* LoadAllOutliersButton.swift in Sources */,
				D3B886AD29B830BE003590A1 /* OutlierGroupTable.swift in Sources */,
				D32F6DB02A4D2ADA00704870 /* RenderCurrentFrameButton.swift in Sources */,
			);
			runOnlyForDeploymentPostprocessing = 0;
		};
		D386FA1A298B617400878B56 /* Sources */ = {
			isa = PBXSourcesBuildPhase;
			buildActionMask = 2147483647;
			files = (
				D386FA23298B617400878B56 /* starTests.swift in Sources */,
			);
			runOnlyForDeploymentPostprocessing = 0;
		};
		D386FA24298B617400878B56 /* Sources */ = {
			isa = PBXSourcesBuildPhase;
			buildActionMask = 2147483647;
			files = (
				D386FA2F298B617400878B56 /* starUITestsLaunchTests.swift in Sources */,
				D386FA2D298B617400878B56 /* starUITests.swift in Sources */,
			);
			runOnlyForDeploymentPostprocessing = 0;
		};
/* End PBXSourcesBuildPhase section */

/* Begin PBXTargetDependency section */
		D386FA20298B617400878B56 /* PBXTargetDependency */ = {
			isa = PBXTargetDependency;
			target = D386FA0C298B617300878B56 /* Star */;
			targetProxy = D386FA1F298B617400878B56 /* PBXContainerItemProxy */;
		};
		D386FA2A298B617400878B56 /* PBXTargetDependency */ = {
			isa = PBXTargetDependency;
			target = D386FA0C298B617300878B56 /* Star */;
			targetProxy = D386FA29298B617400878B56 /* PBXContainerItemProxy */;
		};
		D3B29CAA2B2FE44E00754C10 /* PBXTargetDependency */ = {
			isa = PBXTargetDependency;
			productRef = D3B29CA92B2FE44E00754C10 /* KHTSwift */;
		};
		D3B29CAC2B2FE47D00754C10 /* PBXTargetDependency */ = {
			isa = PBXTargetDependency;
			productRef = D3B29CAB2B2FE47D00754C10 /* StarCore */;
		};
		D3B29CAE2B2FE47D00754C10 /* PBXTargetDependency */ = {
			isa = PBXTargetDependency;
			productRef = D3B29CAD2B2FE47D00754C10 /* Zoomable */;
		};
/* End PBXTargetDependency section */

/* Begin XCBuildConfiguration section */
		D386FA30298B617400878B56 /* Debug */ = {
			isa = XCBuildConfiguration;
			buildSettings = {
				ALWAYS_SEARCH_USER_PATHS = NO;
				CLANG_ANALYZER_NONNULL = YES;
				CLANG_ANALYZER_NUMBER_OBJECT_CONVERSION = YES_AGGRESSIVE;
				CLANG_CXX_LANGUAGE_STANDARD = "gnu++20";
				CLANG_ENABLE_MODULES = YES;
				CLANG_ENABLE_OBJC_ARC = YES;
				CLANG_ENABLE_OBJC_WEAK = YES;
				CLANG_WARN_BLOCK_CAPTURE_AUTORELEASING = YES;
				CLANG_WARN_BOOL_CONVERSION = YES;
				CLANG_WARN_COMMA = YES;
				CLANG_WARN_CONSTANT_CONVERSION = YES;
				CLANG_WARN_DEPRECATED_OBJC_IMPLEMENTATIONS = YES;
				CLANG_WARN_DIRECT_OBJC_ISA_USAGE = YES_ERROR;
				CLANG_WARN_DOCUMENTATION_COMMENTS = YES;
				CLANG_WARN_EMPTY_BODY = YES;
				CLANG_WARN_ENUM_CONVERSION = YES;
				CLANG_WARN_INFINITE_RECURSION = YES;
				CLANG_WARN_INT_CONVERSION = YES;
				CLANG_WARN_NON_LITERAL_NULL_CONVERSION = YES;
				CLANG_WARN_OBJC_IMPLICIT_RETAIN_SELF = YES;
				CLANG_WARN_OBJC_LITERAL_CONVERSION = YES;
				CLANG_WARN_OBJC_ROOT_CLASS = YES_ERROR;
				CLANG_WARN_QUOTED_INCLUDE_IN_FRAMEWORK_HEADER = YES;
				CLANG_WARN_RANGE_LOOP_ANALYSIS = YES;
				CLANG_WARN_STRICT_PROTOTYPES = YES;
				CLANG_WARN_SUSPICIOUS_MOVE = YES;
				CLANG_WARN_UNGUARDED_AVAILABILITY = YES_AGGRESSIVE;
				CLANG_WARN_UNREACHABLE_CODE = YES;
				CLANG_WARN__DUPLICATE_METHOD_MATCH = YES;
				COPY_PHASE_STRIP = NO;
				DEBUG_INFORMATION_FORMAT = dwarf;
				ENABLE_STRICT_OBJC_MSGSEND = YES;
				ENABLE_TESTABILITY = YES;
				GCC_C_LANGUAGE_STANDARD = gnu11;
				GCC_DYNAMIC_NO_PIC = NO;
				GCC_NO_COMMON_BLOCKS = YES;
				GCC_OPTIMIZATION_LEVEL = 0;
				GCC_PREPROCESSOR_DEFINITIONS = (
					"DEBUG=1",
					"$(inherited)",
				);
				GCC_WARN_64_TO_32_BIT_CONVERSION = YES;
				GCC_WARN_ABOUT_RETURN_TYPE = YES_ERROR;
				GCC_WARN_UNDECLARED_SELECTOR = YES;
				GCC_WARN_UNINITIALIZED_AUTOS = YES_AGGRESSIVE;
				GCC_WARN_UNUSED_FUNCTION = YES;
				GCC_WARN_UNUSED_VARIABLE = YES;
				MACOSX_DEPLOYMENT_TARGET = 13.0;
				MTL_ENABLE_DEBUG_INFO = INCLUDE_SOURCE;
				MTL_FAST_MATH = YES;
				ONLY_ACTIVE_ARCH = YES;
				SDKROOT = macosx14.0;
				SWIFT_ACTIVE_COMPILATION_CONDITIONS = DEBUG;
				SWIFT_OPTIMIZATION_LEVEL = "-Onone";
			};
			name = Debug;
		};
		D386FA31298B617400878B56 /* Release */ = {
			isa = XCBuildConfiguration;
			buildSettings = {
				ALWAYS_SEARCH_USER_PATHS = NO;
				CLANG_ANALYZER_NONNULL = YES;
				CLANG_ANALYZER_NUMBER_OBJECT_CONVERSION = YES_AGGRESSIVE;
				CLANG_CXX_LANGUAGE_STANDARD = "gnu++20";
				CLANG_ENABLE_MODULES = YES;
				CLANG_ENABLE_OBJC_ARC = YES;
				CLANG_ENABLE_OBJC_WEAK = YES;
				CLANG_WARN_BLOCK_CAPTURE_AUTORELEASING = YES;
				CLANG_WARN_BOOL_CONVERSION = YES;
				CLANG_WARN_COMMA = YES;
				CLANG_WARN_CONSTANT_CONVERSION = YES;
				CLANG_WARN_DEPRECATED_OBJC_IMPLEMENTATIONS = YES;
				CLANG_WARN_DIRECT_OBJC_ISA_USAGE = YES_ERROR;
				CLANG_WARN_DOCUMENTATION_COMMENTS = YES;
				CLANG_WARN_EMPTY_BODY = YES;
				CLANG_WARN_ENUM_CONVERSION = YES;
				CLANG_WARN_INFINITE_RECURSION = YES;
				CLANG_WARN_INT_CONVERSION = YES;
				CLANG_WARN_NON_LITERAL_NULL_CONVERSION = YES;
				CLANG_WARN_OBJC_IMPLICIT_RETAIN_SELF = YES;
				CLANG_WARN_OBJC_LITERAL_CONVERSION = YES;
				CLANG_WARN_OBJC_ROOT_CLASS = YES_ERROR;
				CLANG_WARN_QUOTED_INCLUDE_IN_FRAMEWORK_HEADER = YES;
				CLANG_WARN_RANGE_LOOP_ANALYSIS = YES;
				CLANG_WARN_STRICT_PROTOTYPES = YES;
				CLANG_WARN_SUSPICIOUS_MOVE = YES;
				CLANG_WARN_UNGUARDED_AVAILABILITY = YES_AGGRESSIVE;
				CLANG_WARN_UNREACHABLE_CODE = YES;
				CLANG_WARN__DUPLICATE_METHOD_MATCH = YES;
				COPY_PHASE_STRIP = NO;
				DEBUG_INFORMATION_FORMAT = "dwarf-with-dsym";
				ENABLE_NS_ASSERTIONS = NO;
				ENABLE_STRICT_OBJC_MSGSEND = YES;
				GCC_C_LANGUAGE_STANDARD = gnu11;
				GCC_NO_COMMON_BLOCKS = YES;
				GCC_WARN_64_TO_32_BIT_CONVERSION = YES;
				GCC_WARN_ABOUT_RETURN_TYPE = YES_ERROR;
				GCC_WARN_UNDECLARED_SELECTOR = YES;
				GCC_WARN_UNINITIALIZED_AUTOS = YES_AGGRESSIVE;
				GCC_WARN_UNUSED_FUNCTION = YES;
				GCC_WARN_UNUSED_VARIABLE = YES;
				MACOSX_DEPLOYMENT_TARGET = 13.0;
				MTL_ENABLE_DEBUG_INFO = NO;
				MTL_FAST_MATH = YES;
				ONLY_ACTIVE_ARCH = YES;
				SDKROOT = macosx14.0;
				SWIFT_COMPILATION_MODE = wholemodule;
				SWIFT_OPTIMIZATION_LEVEL = "-O";
			};
			name = Release;
		};
		D386FA33298B617400878B56 /* Debug */ = {
			isa = XCBuildConfiguration;
			buildSettings = {
				ASSETCATALOG_COMPILER_APPICON_NAME = AppIcon;
				ASSETCATALOG_COMPILER_GLOBAL_ACCENT_COLOR_NAME = AccentColor;
				ASSETCATALOG_COMPILER_INCLUDE_ALL_APPICON_ASSETS = YES;
				CODE_SIGN_ENTITLEMENTS = star/star.entitlements;
				CODE_SIGN_STYLE = Automatic;
				COMBINE_HIDPI_IMAGES = YES;
				CURRENT_PROJECT_VERSION = 1;
				DEVELOPMENT_ASSET_PATHS = "\"star/Preview Content\"";
				DEVELOPMENT_TEAM = G3L75S65V9;
				ENABLE_HARDENED_RUNTIME = YES;
				ENABLE_PREVIEWS = YES;
				GENERATE_INFOPLIST_FILE = YES;
				INFOPLIST_KEY_NSHumanReadableCopyright = "";
				LD_RUNPATH_SEARCH_PATHS = (
					"$(inherited)",
					"@executable_path/../Frameworks",
				);
				MACOSX_DEPLOYMENT_TARGET = 13.0;
				MARKETING_VERSION = 0.3.3;
				OTHER_LDFLAGS = (
					"$(inherited)",
					"-weak_framework",
					"\"Combine\"",
					"-weak_framework",
					"\"SwiftUI\"",
					"-Xlinker",
					"-L../StarDecisionTrees",
					"-Xlinker",
					"-all_load",
				);
				PRODUCT_BUNDLE_IDENTIFIER = com.star;
				PRODUCT_NAME = "$(TARGET_NAME)";
				SDKROOT = macosx14.0;
				SWIFT_EMIT_LOC_STRINGS = YES;
				SWIFT_VERSION = 5.0;
			};
			name = Debug;
		};
		D386FA34298B617400878B56 /* Release */ = {
			isa = XCBuildConfiguration;
			buildSettings = {
				ASSETCATALOG_COMPILER_APPICON_NAME = AppIcon;
				ASSETCATALOG_COMPILER_GLOBAL_ACCENT_COLOR_NAME = AccentColor;
				ASSETCATALOG_COMPILER_INCLUDE_ALL_APPICON_ASSETS = YES;
				CODE_SIGN_ENTITLEMENTS = star/star.entitlements;
				CODE_SIGN_STYLE = Automatic;
				COMBINE_HIDPI_IMAGES = YES;
				CURRENT_PROJECT_VERSION = 1;
				DEVELOPMENT_ASSET_PATHS = "\"star/Preview Content\"";
				DEVELOPMENT_TEAM = G3L75S65V9;
				ENABLE_HARDENED_RUNTIME = YES;
				ENABLE_PREVIEWS = YES;
				GENERATE_INFOPLIST_FILE = YES;
				INFOPLIST_KEY_NSHumanReadableCopyright = "";
				LD_RUNPATH_SEARCH_PATHS = (
					"$(inherited)",
					"@executable_path/../Frameworks",
				);
				MACOSX_DEPLOYMENT_TARGET = 13.0;
				MARKETING_VERSION = 0.3.3;
				OTHER_LDFLAGS = (
					"$(inherited)",
					"-weak_framework",
					"\"Combine\"",
					"-weak_framework",
					"\"SwiftUI\"",
					"-Xlinker",
					"-L../StarDecisionTrees",
					"-Xlinker",
					"-all_load",
				);
				PRODUCT_BUNDLE_IDENTIFIER = com.star;
				PRODUCT_NAME = "$(TARGET_NAME)";
				SDKROOT = macosx14.0;
				SWIFT_EMIT_LOC_STRINGS = YES;
				SWIFT_VERSION = 5.0;
			};
			name = Release;
		};
		D386FA36298B617400878B56 /* Debug */ = {
			isa = XCBuildConfiguration;
			buildSettings = {
				ALWAYS_EMBED_SWIFT_STANDARD_LIBRARIES = YES;
				BUNDLE_LOADER = "$(TEST_HOST)";
				CODE_SIGN_STYLE = Automatic;
				CURRENT_PROJECT_VERSION = 1;
				DEVELOPMENT_TEAM = G3L75S65V9;
				GENERATE_INFOPLIST_FILE = YES;
				MACOSX_DEPLOYMENT_TARGET = 12.5;
				MARKETING_VERSION = 0.3.3;
				PRODUCT_BUNDLE_IDENTIFIER = "com.star-guiTests";
				PRODUCT_NAME = "$(TARGET_NAME)";
				SWIFT_EMIT_LOC_STRINGS = NO;
				SWIFT_VERSION = 5.0;
				TEST_HOST = "$(BUILT_PRODUCTS_DIR)/star.app/$(BUNDLE_EXECUTABLE_FOLDER_PATH)/star";
			};
			name = Debug;
		};
		D386FA37298B617400878B56 /* Release */ = {
			isa = XCBuildConfiguration;
			buildSettings = {
				ALWAYS_EMBED_SWIFT_STANDARD_LIBRARIES = YES;
				BUNDLE_LOADER = "$(TEST_HOST)";
				CODE_SIGN_STYLE = Automatic;
				CURRENT_PROJECT_VERSION = 1;
				DEVELOPMENT_TEAM = G3L75S65V9;
				GENERATE_INFOPLIST_FILE = YES;
				MACOSX_DEPLOYMENT_TARGET = 12.5;
				MARKETING_VERSION = 0.3.3;
				PRODUCT_BUNDLE_IDENTIFIER = "com.star-guiTests";
				PRODUCT_NAME = "$(TARGET_NAME)";
				SWIFT_EMIT_LOC_STRINGS = NO;
				SWIFT_VERSION = 5.0;
				TEST_HOST = "$(BUILT_PRODUCTS_DIR)/star.app/$(BUNDLE_EXECUTABLE_FOLDER_PATH)/star";
			};
			name = Release;
		};
		D386FA39298B617400878B56 /* Debug */ = {
			isa = XCBuildConfiguration;
			buildSettings = {
				ALWAYS_EMBED_SWIFT_STANDARD_LIBRARIES = YES;
				CODE_SIGN_STYLE = Automatic;
				CURRENT_PROJECT_VERSION = 1;
				DEVELOPMENT_TEAM = G3L75S65V9;
				GENERATE_INFOPLIST_FILE = YES;
				MARKETING_VERSION = 0.3.3;
				PRODUCT_BUNDLE_IDENTIFIER = "com.star-guiUITests";
				PRODUCT_NAME = "$(TARGET_NAME)";
				SWIFT_EMIT_LOC_STRINGS = NO;
				SWIFT_VERSION = 5.0;
				TEST_TARGET_NAME = Star;
			};
			name = Debug;
		};
		D386FA3A298B617400878B56 /* Release */ = {
			isa = XCBuildConfiguration;
			buildSettings = {
				ALWAYS_EMBED_SWIFT_STANDARD_LIBRARIES = YES;
				CODE_SIGN_STYLE = Automatic;
				CURRENT_PROJECT_VERSION = 1;
				DEVELOPMENT_TEAM = G3L75S65V9;
				GENERATE_INFOPLIST_FILE = YES;
				MARKETING_VERSION = 0.3.3;
				PRODUCT_BUNDLE_IDENTIFIER = "com.star-guiUITests";
				PRODUCT_NAME = "$(TARGET_NAME)";
				SWIFT_EMIT_LOC_STRINGS = NO;
				SWIFT_VERSION = 5.0;
				TEST_TARGET_NAME = Star;
			};
			name = Release;
		};
/* End XCBuildConfiguration section */

/* Begin XCConfigurationList section */
		D386FA08298B617300878B56 /* Build configuration list for PBXProject "star" */ = {
			isa = XCConfigurationList;
			buildConfigurations = (
				D386FA30298B617400878B56 /* Debug */,
				D386FA31298B617400878B56 /* Release */,
			);
			defaultConfigurationIsVisible = 0;
			defaultConfigurationName = Release;
		};
		D386FA32298B617400878B56 /* Build configuration list for PBXNativeTarget "Star" */ = {
			isa = XCConfigurationList;
			buildConfigurations = (
				D386FA33298B617400878B56 /* Debug */,
				D386FA34298B617400878B56 /* Release */,
			);
			defaultConfigurationIsVisible = 0;
			defaultConfigurationName = Release;
		};
		D386FA35298B617400878B56 /* Build configuration list for PBXNativeTarget "starTests" */ = {
			isa = XCConfigurationList;
			buildConfigurations = (
				D386FA36298B617400878B56 /* Debug */,
				D386FA37298B617400878B56 /* Release */,
			);
			defaultConfigurationIsVisible = 0;
			defaultConfigurationName = Release;
		};
		D386FA38298B617400878B56 /* Build configuration list for PBXNativeTarget "starUITests" */ = {
			isa = XCConfigurationList;
			buildConfigurations = (
				D386FA39298B617400878B56 /* Debug */,
				D386FA3A298B617400878B56 /* Release */,
			);
			defaultConfigurationIsVisible = 0;
			defaultConfigurationName = Release;
		};
/* End XCConfigurationList section */

/* Begin XCLocalSwiftPackageReference section */
		D3B29C9C2B2FE23F00754C10 /* XCLocalSwiftPackageReference "../StarCore" */ = {
			isa = XCLocalSwiftPackageReference;
			relativePath = ../StarCore;
		};
		D3B29CA22B2FE31800754C10 /* XCLocalSwiftPackageReference "../kht" */ = {
			isa = XCLocalSwiftPackageReference;
			relativePath = ../kht;
		};
		D3B29CAF2B2FE5BE00754C10 /* XCLocalSwiftPackageReference "../StarCore" */ = {
			isa = XCLocalSwiftPackageReference;
			relativePath = ../StarCore;
		};
/* End XCLocalSwiftPackageReference section */

/* Begin XCRemoteSwiftPackageReference section */
		D3B29C9F2B2FE2C400754C10 /* XCRemoteSwiftPackageReference "Zoomable" */ = {
			isa = XCRemoteSwiftPackageReference;
			repositoryURL = "git@github.com:brianm998/Zoomable";
			requirement = {
				branch = main;
				kind = branch;
			};
		};
		D3B29CB22B2FE5D900754C10 /* XCRemoteSwiftPackageReference "Zoomable" */ = {
			isa = XCRemoteSwiftPackageReference;
			repositoryURL = "git@github.com:brianm998/Zoomable.git";
			requirement = {
				branch = main;
				kind = branch;
			};
		};
/* End XCRemoteSwiftPackageReference section */

/* Begin XCSwiftPackageProductDependency section */
		D3B29C9D2B2FE23F00754C10 /* StarCore */ = {
			isa = XCSwiftPackageProductDependency;
			productName = StarCore;
		};
		D3B29CA32B2FE31800754C10 /* KHTSwift */ = {
			isa = XCSwiftPackageProductDependency;
			productName = KHTSwift;
		};
		D3B29CA92B2FE44E00754C10 /* KHTSwift */ = {
			isa = XCSwiftPackageProductDependency;
			package = D3B29CA22B2FE31800754C10 /* XCLocalSwiftPackageReference "../kht" */;
			productName = KHTSwift;
		};
		D3B29CAB2B2FE47D00754C10 /* StarCore */ = {
			isa = XCSwiftPackageProductDependency;
			package = D3B29C9C2B2FE23F00754C10 /* XCLocalSwiftPackageReference "../StarCore" */;
			productName = StarCore;
		};
		D3B29CAD2B2FE47D00754C10 /* Zoomable */ = {
			isa = XCSwiftPackageProductDependency;
			package = D3B29C9F2B2FE2C400754C10 /* XCRemoteSwiftPackageReference "Zoomable" */;
			productName = Zoomable;
		};
		D3B29CB02B2FE5BE00754C10 /* StarCore */ = {
			isa = XCSwiftPackageProductDependency;
			productName = StarCore;
		};
		D3B29CB32B2FE5D900754C10 /* Zoomable */ = {
			isa = XCSwiftPackageProductDependency;
			package = D3B29CB22B2FE5D900754C10 /* XCRemoteSwiftPackageReference "Zoomable" */;
			productName = Zoomable;
		};
/* End XCSwiftPackageProductDependency section */
	};
	rootObject = D386FA05298B617300878B56 /* Project object */;
}
