// !$*UTF8*$!
{
	archiveVersion = 1;
	classes = {
	};
	objectVersion = 56;
	objects = {

/* Begin PBXBuildFile section */
		8180F1CEAE8DC8BC47266BBF /* Pods_ntar.framework in Frameworks */ = {isa = PBXBuildFile; fileRef = 26266549C32667A914795214 /* Pods_ntar.framework */; };
		D32605B529F0F087006EEAC5 /* libNtarDecisionTrees.a in Frameworks */ = {isa = PBXBuildFile; fileRef = D32605B429F0F087006EEAC5 /* libNtarDecisionTrees.a */; };
		D3D178A729F16E8E000AEC24 /* ntar_cli.swift in Sources */ = {isa = PBXBuildFile; fileRef = D3D178A629F16E8E000AEC24 /* ntar_cli.swift */; };
		D3D178AA29F16EB7000AEC24 /* ArgumentParser in Frameworks */ = {isa = PBXBuildFile; productRef = D3D178A929F16EB7000AEC24 /* ArgumentParser */; };
		D3D178AC29F16EB7000AEC24 /* generate-manual in Frameworks */ = {isa = PBXBuildFile; productRef = D3D178AB29F16EB7000AEC24 /* generate-manual */; };
/* End PBXBuildFile section */

/* Begin PBXCopyFilesBuildPhase section */
		D3EE3E0029F0E4F600A79169 /* CopyFiles */ = {
			isa = PBXCopyFilesBuildPhase;
			buildActionMask = 2147483647;
			dstPath = /usr/share/man/man1/;
			dstSubfolderSpec = 0;
			files = (
			);
			runOnlyForDeploymentPostprocessing = 1;
		};
/* End PBXCopyFilesBuildPhase section */

/* Begin PBXFileReference section */
		26266549C32667A914795214 /* Pods_ntar.framework */ = {isa = PBXFileReference; explicitFileType = wrapper.framework; includeInIndex = 0; path = Pods_ntar.framework; sourceTree = BUILT_PRODUCTS_DIR; };
		2E331B08FDD4588DB72FC46E /* Pods-ntar.debug.xcconfig */ = {isa = PBXFileReference; includeInIndex = 1; lastKnownFileType = text.xcconfig; name = "Pods-ntar.debug.xcconfig"; path = "Target Support Files/Pods-ntar/Pods-ntar.debug.xcconfig"; sourceTree = "<group>"; };
		9574D899FD1FC7F303351A69 /* Pods-ntar.release.xcconfig */ = {isa = PBXFileReference; includeInIndex = 1; lastKnownFileType = text.xcconfig; name = "Pods-ntar.release.xcconfig"; path = "Target Support Files/Pods-ntar/Pods-ntar.release.xcconfig"; sourceTree = "<group>"; };
		D32605B429F0F087006EEAC5 /* libNtarDecisionTrees.a */ = {isa = PBXFileReference; lastKnownFileType = archive.ar; name = libNtarDecisionTrees.a; path = ../NtarDecisionTrees/libNtarDecisionTrees.a; sourceTree = "<group>"; };
		D3D178A529F16E8D000AEC24 /* ntar */ = {isa = PBXFileReference; explicitFileType = "compiled.mach-o.executable"; includeInIndex = 0; path = ntar; sourceTree = BUILT_PRODUCTS_DIR; };
		D3D178A629F16E8E000AEC24 /* ntar_cli.swift */ = {isa = PBXFileReference; fileEncoding = 4; lastKnownFileType = sourcecode.swift; name = ntar_cli.swift; path = Sources/ntar/ntar_cli.swift; sourceTree = "<group>"; };
/* End PBXFileReference section */

/* Begin PBXFrameworksBuildPhase section */
		D3EE3DFF29F0E4F600A79169 /* Frameworks */ = {
			isa = PBXFrameworksBuildPhase;
			buildActionMask = 2147483647;
			files = (
				D3D178AA29F16EB7000AEC24 /* ArgumentParser in Frameworks */,
				D32605B529F0F087006EEAC5 /* libNtarDecisionTrees.a in Frameworks */,
				D3D178AC29F16EB7000AEC24 /* generate-manual in Frameworks */,
				8180F1CEAE8DC8BC47266BBF /* Pods_ntar.framework in Frameworks */,
			);
			runOnlyForDeploymentPostprocessing = 0;
		};
/* End PBXFrameworksBuildPhase section */

/* Begin PBXGroup section */
		4ED5D49D0F0A9240AD2607FC /* Pods */ = {
			isa = PBXGroup;
			children = (
				2E331B08FDD4588DB72FC46E /* Pods-ntar.debug.xcconfig */,
				9574D899FD1FC7F303351A69 /* Pods-ntar.release.xcconfig */,
			);
			name = Pods;
			path = Pods;
			sourceTree = "<group>";
		};
		D32605B329F0F086006EEAC5 /* Frameworks */ = {
			isa = PBXGroup;
			children = (
				D32605B429F0F087006EEAC5 /* libNtarDecisionTrees.a */,
				26266549C32667A914795214 /* Pods_ntar.framework */,
			);
			name = Frameworks;
			sourceTree = "<group>";
		};
		D3EE3DF929F0E4F600A79169 = {
			isa = PBXGroup;
			children = (
				D3D178A529F16E8D000AEC24 /* ntar */,
				D3D178A629F16E8E000AEC24 /* ntar_cli.swift */,
				D32605B329F0F086006EEAC5 /* Frameworks */,
				4ED5D49D0F0A9240AD2607FC /* Pods */,
			);
			sourceTree = "<group>";
		};
/* End PBXGroup section */

/* Begin PBXNativeTarget section */
		D3EE3E0129F0E4F600A79169 /* ntar */ = {
			isa = PBXNativeTarget;
			buildConfigurationList = D3EE3E0929F0E4F600A79169 /* Build configuration list for PBXNativeTarget "ntar" */;
			buildPhases = (
				B21188FFBE65A004FBAC6DD7 /* [CP] Check Pods Manifest.lock */,
				D3EE3DFE29F0E4F600A79169 /* Sources */,
				D3EE3DFF29F0E4F600A79169 /* Frameworks */,
				D3EE3E0029F0E4F600A79169 /* CopyFiles */,
			);
			buildRules = (
			);
			dependencies = (
			);
			name = ntar;
			packageProductDependencies = (
				D3D178A929F16EB7000AEC24 /* ArgumentParser */,
				D3D178AB29F16EB7000AEC24 /* generate-manual */,
			);
			productName = ntar;
			productReference = D3D178A529F16E8D000AEC24 /* ntar */;
			productType = "com.apple.product-type.tool";
		};
/* End PBXNativeTarget section */

/* Begin PBXProject section */
		D3EE3DFA29F0E4F600A79169 /* Project object */ = {
			isa = PBXProject;
			attributes = {
				BuildIndependentTargetsInParallel = 1;
				LastSwiftUpdateCheck = 1430;
				LastUpgradeCheck = 1430;
				TargetAttributes = {
					D3EE3E0129F0E4F600A79169 = {
						CreatedOnToolsVersion = 14.3;
						LastSwiftMigration = 1430;
					};
				};
			};
			buildConfigurationList = D3EE3DFD29F0E4F600A79169 /* Build configuration list for PBXProject "ntar" */;
			compatibilityVersion = "Xcode 14.0";
			developmentRegion = en;
			hasScannedForEncodings = 0;
			knownRegions = (
				en,
				Base,
			);
			mainGroup = D3EE3DF929F0E4F600A79169;
			packageReferences = (
				D3D178A829F16EB7000AEC24 /* XCRemoteSwiftPackageReference "swift-argument-parser.git" */,
			);
			productRefGroup = D3EE3DF929F0E4F600A79169;
			projectDirPath = "";
			projectRoot = "";
			targets = (
				D3EE3E0129F0E4F600A79169 /* ntar */,
			);
		};
/* End PBXProject section */

/* Begin PBXShellScriptBuildPhase section */
		B21188FFBE65A004FBAC6DD7 /* [CP] Check Pods Manifest.lock */ = {
			isa = PBXShellScriptBuildPhase;
			buildActionMask = 2147483647;
			files = (
			);
			inputFileListPaths = (
			);
			inputPaths = (
				"${PODS_PODFILE_DIR_PATH}/Podfile.lock",
				"${PODS_ROOT}/Manifest.lock",
			);
			name = "[CP] Check Pods Manifest.lock";
			outputFileListPaths = (
			);
			outputPaths = (
				"$(DERIVED_FILE_DIR)/Pods-ntar-checkManifestLockResult.txt",
			);
			runOnlyForDeploymentPostprocessing = 0;
			shellPath = /bin/sh;
			shellScript = "diff \"${PODS_PODFILE_DIR_PATH}/Podfile.lock\" \"${PODS_ROOT}/Manifest.lock\" > /dev/null\nif [ $? != 0 ] ; then\n    # print error to STDERR\n    echo \"error: The sandbox is not in sync with the Podfile.lock. Run 'pod install' or update your CocoaPods installation.\" >&2\n    exit 1\nfi\n# This output is used by Xcode 'outputs' to avoid re-running this script phase.\necho \"SUCCESS\" > \"${SCRIPT_OUTPUT_FILE_0}\"\n";
			showEnvVarsInLog = 0;
		};
/* End PBXShellScriptBuildPhase section */

/* Begin PBXSourcesBuildPhase section */
		D3EE3DFE29F0E4F600A79169 /* Sources */ = {
			isa = PBXSourcesBuildPhase;
			buildActionMask = 2147483647;
			files = (
				D3D178A729F16E8E000AEC24 /* ntar_cli.swift in Sources */,
			);
			runOnlyForDeploymentPostprocessing = 0;
		};
/* End PBXSourcesBuildPhase section */

/* Begin XCBuildConfiguration section */
		D3EE3E0729F0E4F600A79169 /* Debug */ = {
			isa = XCBuildConfiguration;
			buildSettings = {
				ALWAYS_SEARCH_USER_PATHS = NO;
				CLANG_ANALYZER_NONNULL = YES;
				CLANG_ANALYZER_NUMBER_OBJECT_CONVERSION = YES_AGGRESSIVE;
				CLANG_CXX_LANGUAGE_STANDARD = "gnu++20";
				CLANG_ENABLE_MODULES = YES;
				CLANG_ENABLE_OBJC_ARC = YES;
				CLANG_ENABLE_OBJC_WEAK = YES;
				CLANG_WARN_BLOCK_CAPTURE_AUTORELEASING = YES;
				CLANG_WARN_BOOL_CONVERSION = YES;
				CLANG_WARN_COMMA = YES;
				CLANG_WARN_CONSTANT_CONVERSION = YES;
				CLANG_WARN_DEPRECATED_OBJC_IMPLEMENTATIONS = YES;
				CLANG_WARN_DIRECT_OBJC_ISA_USAGE = YES_ERROR;
				CLANG_WARN_DOCUMENTATION_COMMENTS = YES;
				CLANG_WARN_EMPTY_BODY = YES;
				CLANG_WARN_ENUM_CONVERSION = YES;
				CLANG_WARN_INFINITE_RECURSION = YES;
				CLANG_WARN_INT_CONVERSION = YES;
				CLANG_WARN_NON_LITERAL_NULL_CONVERSION = YES;
				CLANG_WARN_OBJC_IMPLICIT_RETAIN_SELF = YES;
				CLANG_WARN_OBJC_LITERAL_CONVERSION = YES;
				CLANG_WARN_OBJC_ROOT_CLASS = YES_ERROR;
				CLANG_WARN_QUOTED_INCLUDE_IN_FRAMEWORK_HEADER = YES;
				CLANG_WARN_RANGE_LOOP_ANALYSIS = YES;
				CLANG_WARN_STRICT_PROTOTYPES = YES;
				CLANG_WARN_SUSPICIOUS_MOVE = YES;
				CLANG_WARN_UNGUARDED_AVAILABILITY = YES_AGGRESSIVE;
				CLANG_WARN_UNREACHABLE_CODE = YES;
				CLANG_WARN__DUPLICATE_METHOD_MATCH = YES;
				COPY_PHASE_STRIP = NO;
				DEBUG_INFORMATION_FORMAT = dwarf;
				ENABLE_STRICT_OBJC_MSGSEND = YES;
				ENABLE_TESTABILITY = YES;
				GCC_C_LANGUAGE_STANDARD = gnu11;
				GCC_DYNAMIC_NO_PIC = NO;
				GCC_NO_COMMON_BLOCKS = YES;
				GCC_OPTIMIZATION_LEVEL = 0;
				GCC_PREPROCESSOR_DEFINITIONS = (
					"DEBUG=1",
					"$(inherited)",
				);
				OTHER_LDFLAGS = (
					"$(inherited)",
					"-Xlinker",
					"-L../NtarDecisionTrees",
					"-Xlinker",
					"-all_load",
				);
				GCC_WARN_64_TO_32_BIT_CONVERSION = YES;
				GCC_WARN_ABOUT_RETURN_TYPE = YES_ERROR;
				GCC_WARN_UNDECLARED_SELECTOR = YES;
				GCC_WARN_UNINITIALIZED_AUTOS = YES_AGGRESSIVE;
				GCC_WARN_UNUSED_FUNCTION = YES;
				GCC_WARN_UNUSED_VARIABLE = YES;
				MACOSX_DEPLOYMENT_TARGET = 13.2;
				MTL_ENABLE_DEBUG_INFO = INCLUDE_SOURCE;
				MTL_FAST_MATH = YES;
				ONLY_ACTIVE_ARCH = NO;
				SDKROOT = macosx;
				SWIFT_ACTIVE_COMPILATION_CONDITIONS = DEBUG;
				SWIFT_OPTIMIZATION_LEVEL = "-Onone";
			};
			name = Debug;
		};
		D3EE3E0829F0E4F600A79169 /* Release */ = {
			isa = XCBuildConfiguration;
			buildSettings = {
				ALWAYS_SEARCH_USER_PATHS = NO;
				CLANG_ANALYZER_NONNULL = YES;
				OTHER_LDFLAGS = (
					"$(inherited)",
					"-Xlinker",
					"-L../NtarDecisionTrees",
					"-Xlinker",
					"-all_load",
				);
				CLANG_ANALYZER_NUMBER_OBJECT_CONVERSION = YES_AGGRESSIVE;
				CLANG_CXX_LANGUAGE_STANDARD = "gnu++20";
				ONLY_ACTIVE_ARCH = NO;
				CLANG_ENABLE_MODULES = YES;
				CLANG_ENABLE_OBJC_ARC = YES;
				CLANG_ENABLE_OBJC_WEAK = YES;
				CLANG_WARN_BLOCK_CAPTURE_AUTORELEASING = YES;
				CLANG_WARN_BOOL_CONVERSION = YES;
				CLANG_WARN_COMMA = YES;
				CLANG_WARN_CONSTANT_CONVERSION = YES;
				CLANG_WARN_DEPRECATED_OBJC_IMPLEMENTATIONS = YES;
				CLANG_WARN_DIRECT_OBJC_ISA_USAGE = YES_ERROR;
				CLANG_WARN_DOCUMENTATION_COMMENTS = YES;
				CLANG_WARN_EMPTY_BODY = YES;
				CLANG_WARN_ENUM_CONVERSION = YES;
				CLANG_WARN_INFINITE_RECURSION = YES;
				CLANG_WARN_INT_CONVERSION = YES;
				CLANG_WARN_NON_LITERAL_NULL_CONVERSION = YES;
				CLANG_WARN_OBJC_IMPLICIT_RETAIN_SELF = YES;
				CLANG_WARN_OBJC_LITERAL_CONVERSION = YES;
				CLANG_WARN_OBJC_ROOT_CLASS = YES_ERROR;
				CLANG_WARN_QUOTED_INCLUDE_IN_FRAMEWORK_HEADER = YES;
				CLANG_WARN_RANGE_LOOP_ANALYSIS = YES;
				CLANG_WARN_STRICT_PROTOTYPES = YES;
				CLANG_WARN_SUSPICIOUS_MOVE = YES;
				CLANG_WARN_UNGUARDED_AVAILABILITY = YES_AGGRESSIVE;
				CLANG_WARN_UNREACHABLE_CODE = YES;
				CLANG_WARN__DUPLICATE_METHOD_MATCH = YES;
				COPY_PHASE_STRIP = NO;
				DEBUG_INFORMATION_FORMAT = "dwarf-with-dsym";
				ENABLE_NS_ASSERTIONS = NO;
				ENABLE_STRICT_OBJC_MSGSEND = YES;
				GCC_C_LANGUAGE_STANDARD = gnu11;
				GCC_NO_COMMON_BLOCKS = YES;
				GCC_WARN_64_TO_32_BIT_CONVERSION = YES;
				GCC_WARN_ABOUT_RETURN_TYPE = YES_ERROR;
				GCC_WARN_UNDECLARED_SELECTOR = YES;
				GCC_WARN_UNINITIALIZED_AUTOS = YES_AGGRESSIVE;
				GCC_WARN_UNUSED_FUNCTION = YES;
				GCC_WARN_UNUSED_VARIABLE = YES;
				MACOSX_DEPLOYMENT_TARGET = 13.2;
				MTL_ENABLE_DEBUG_INFO = NO;
				MTL_FAST_MATH = YES;
				SDKROOT = macosx;
				SWIFT_COMPILATION_MODE = wholemodule;
				SWIFT_OPTIMIZATION_LEVEL = "-O";
			};
			name = Release;
		};
		D3EE3E0A29F0E4F600A79169 /* Debug */ = {
			isa = XCBuildConfiguration;
			baseConfigurationReference = 2E331B08FDD4588DB72FC46E /* Pods-ntar.debug.xcconfig */;
			buildSettings = {
				CLANG_ENABLE_MODULES = YES;
				"CODE_SIGN_IDENTITY[sdk=macosx*]" = "Developer ID Application";
				CODE_SIGN_STYLE = Manual;
				DEVELOPMENT_TEAM = "";
				"DEVELOPMENT_TEAM[sdk=macosx*]" = G3L75S65V9;
				ONLY_ACTIVE_ARCH = NO;
				ENABLE_HARDENED_RUNTIME = YES;
				OTHER_LDFLAGS = (
					"$(inherited)",
					"-Xlinker",
					"-L../NtarDecisionTrees",
					"-Xlinker",
					"-all_load",
				);
				PRODUCT_BUNDLE_IDENTIFIER = com.ntar;
				PRODUCT_NAME = "$(TARGET_NAME)";
				PROVISIONING_PROFILE_SPECIFIER = "";
				STRIP_STYLE = debugging;
				STRIP_SWIFT_SYMBOLS = NO;
				SWIFT_OPTIMIZATION_LEVEL = "-Onone";
				SWIFT_VERSION = 5.0;
			};
			name = Debug;
		};
		D3EE3E0B29F0E4F600A79169 /* Release */ = {
			isa = XCBuildConfiguration;
			baseConfigurationReference = 9574D899FD1FC7F303351A69 /* Pods-ntar.release.xcconfig */;
			buildSettings = {
				CLANG_ENABLE_MODULES = YES;
				"CODE_SIGN_IDENTITY[sdk=macosx*]" = "Developer ID Application";
				CODE_SIGN_STYLE = Manual;
				DEVELOPMENT_TEAM = "";
				"DEVELOPMENT_TEAM[sdk=macosx*]" = G3L75S65V9;
				OTHER_LDFLAGS = (
					"$(inherited)",
					"-Xlinker",
					"-L../NtarDecisionTrees",
					"-Xlinker",
					"-all_load",
				);
				ENABLE_HARDENED_RUNTIME = YES;
				PRODUCT_BUNDLE_IDENTIFIER = com.ntar;
				PRODUCT_NAME = "$(TARGET_NAME)";
				ONLY_ACTIVE_ARCH = NO;
				PROVISIONING_PROFILE_SPECIFIER = "";
				STRIP_STYLE = debugging;
				STRIP_SWIFT_SYMBOLS = NO;
				SWIFT_VERSION = 5.0;
			};
			name = Release;
		};
/* End XCBuildConfiguration section */

/* Begin XCConfigurationList section */
		D3EE3DFD29F0E4F600A79169 /* Build configuration list for PBXProject "ntar" */ = {
			isa = XCConfigurationList;
			buildConfigurations = (
				D3EE3E0729F0E4F600A79169 /* Debug */,
				D3EE3E0829F0E4F600A79169 /* Release */,
			);
			defaultConfigurationIsVisible = 0;
			defaultConfigurationName = Release;
		};
		D3EE3E0929F0E4F600A79169 /* Build configuration list for PBXNativeTarget "ntar" */ = {
			isa = XCConfigurationList;
			buildConfigurations = (
				D3EE3E0A29F0E4F600A79169 /* Debug */,
				D3EE3E0B29F0E4F600A79169 /* Release */,
			);
			defaultConfigurationIsVisible = 0;
			defaultConfigurationName = Release;
		};
/* End XCConfigurationList section */

/* Begin XCRemoteSwiftPackageReference section */
		D3D178A829F16EB7000AEC24 /* XCRemoteSwiftPackageReference "swift-argument-parser.git" */ = {
			isa = XCRemoteSwiftPackageReference;
			repositoryURL = "https://github.com/apple/swift-argument-parser.git";
			requirement = {
				kind = upToNextMajorVersion;
				minimumVersion = 1.0.0;
			};
		};
/* End XCRemoteSwiftPackageReference section */

/* Begin XCSwiftPackageProductDependency section */
		D3D178A929F16EB7000AEC24 /* ArgumentParser */ = {
			isa = XCSwiftPackageProductDependency;
			package = D3D178A829F16EB7000AEC24 /* XCRemoteSwiftPackageReference "swift-argument-parser.git" */;
			productName = ArgumentParser;
		};
		D3D178AB29F16EB7000AEC24 /* generate-manual */ = {
			isa = XCSwiftPackageProductDependency;
			package = D3D178A829F16EB7000AEC24 /* XCRemoteSwiftPackageReference "swift-argument-parser.git" */;
			productName = "generate-manual";
		};
/* End XCSwiftPackageProductDependency section */
	};
	rootObject = D3EE3DFA29F0E4F600A79169 /* Project object */;
}
