{
  "originHash" : "209774920e1b04bba24b778dca9e808314702457a5b3e4a11b0f1ae0733e27ed",
  "pins" : [
    {
      "identity" : "semaphore",
      "kind" : "remoteSourceControl",
      "location" : "https://github.com/groue/Semaphore.git",
      "state" : {
        "revision" : "2543679282aa6f6c8ecf2138acd613ed20790bc2",
        "version" : "0.1.0"
      }
    }
  ],
  "version" : 3
}
